// !$*UTF8*$!
{
	archiveVersion = 1;
	classes = {
	};
	objectVersion = 56;
	objects = {

/* Begin PBXBuildFile section */
		DA0265AC2C386CCD0012D217 /* HealthKitModel.swift in Sources */ = {isa = PBXBuildFile; fileRef = DA0265AB2C386CCD0012D217 /* HealthKitModel.swift */; };
		DA0265AE2C386CF20012D217 /* StaminaCalculationAlgorithm.swift in Sources */ = {isa = PBXBuildFile; fileRef = DA0265AD2C386CF20012D217 /* StaminaCalculationAlgorithm.swift */; };
		DA2CFA5F2D0FC44C00796859 /* SettingsView.swift in Sources */ = {isa = PBXBuildFile; fileRef = DA2CFA5E2D0FC44C00796859 /* SettingsView.swift */; };
		DA64F6532BDD5F7100B8E9D6 /* Stamina_Bar_Watch_AppTestsMain.swift in Sources */ = {isa = PBXBuildFile; fileRef = DA64F6522BDD5F7100B8E9D6 /* Stamina_Bar_Watch_AppTestsMain.swift */; };
		DA8E527229F0D75A00DD26AF /* Preview Assets.xcassets in Resources */ = {isa = PBXBuildFile; fileRef = DAA3BCD429288C8A00146F96 /* Preview Assets.xcassets */; };
		DAA3BCC929288C8700146F96 /* Stamina Bar Watch App.app in Embed Watch Content */ = {isa = PBXBuildFile; fileRef = DAA3BCC829288C8700146F96 /* Stamina Bar Watch App.app */; settings = {ATTRIBUTES = (RemoveHeadersOnCopy, ); }; };
		DAA3BCCE29288C8700146F96 /* Stamina_BarApp.swift in Sources */ = {isa = PBXBuildFile; fileRef = DAA3BCCD29288C8700146F96 /* Stamina_BarApp.swift */; };
		DAA3BCD229288C8A00146F96 /* Assets.xcassets in Resources */ = {isa = PBXBuildFile; fileRef = DAA3BCD129288C8A00146F96 /* Assets.xcassets */; };
		DAA3BCD529288C8A00146F96 /* Preview Assets.xcassets in Resources */ = {isa = PBXBuildFile; fileRef = DAA3BCD429288C8A00146F96 /* Preview Assets.xcassets */; };
		DAB8D2882A2082E600333D83 /* Stamina-Bar-Watch-App-Info.plist in Resources */ = {isa = PBXBuildFile; fileRef = DAB8D2872A2082E600333D83 /* Stamina-Bar-Watch-App-Info.plist */; };
		DAB8D28C2A21136200333D83 /* HapticManager.swift in Sources */ = {isa = PBXBuildFile; fileRef = DAB8D28B2A21136200333D83 /* HapticManager.swift */; };
		DAC32C3B2BEABDFA00A4D76B /* WidgetKit.framework in Frameworks */ = {isa = PBXBuildFile; fileRef = DAF3ED672AFD16F900ABCC8A /* WidgetKit.framework */; };
		DAC32C3C2BEABDFA00A4D76B /* SwiftUI.framework in Frameworks */ = {isa = PBXBuildFile; fileRef = DAF3ED692AFD16F900ABCC8A /* SwiftUI.framework */; };
		DAC32C3F2BEABDFA00A4D76B /* StaminaBarWidget2.swift in Sources */ = {isa = PBXBuildFile; fileRef = DAC32C3E2BEABDFA00A4D76B /* StaminaBarWidget2.swift */; };
		DAC32C412BEABDFA00A4D76B /* AppIntent.swift in Sources */ = {isa = PBXBuildFile; fileRef = DAC32C402BEABDFA00A4D76B /* AppIntent.swift */; };
		DAC32C432BEABDFB00A4D76B /* Assets.xcassets in Resources */ = {isa = PBXBuildFile; fileRef = DAC32C422BEABDFB00A4D76B /* Assets.xcassets */; };
		DAC32C472BEABDFB00A4D76B /* StaminaBarWidget2Extension.appex in Embed Foundation Extensions */ = {isa = PBXBuildFile; fileRef = DAC32C3A2BEABDFA00A4D76B /* StaminaBarWidget2Extension.appex */; settings = {ATTRIBUTES = (RemoveHeadersOnCopy, ); }; };
		DAD35EB829F1C4A600E2E782 /* Assets.xcassets in Resources */ = {isa = PBXBuildFile; fileRef = DAA3BCD129288C8A00146F96 /* Assets.xcassets */; };
		DAD35EC229F2364700E2E782 /* LICENSE in Resources */ = {isa = PBXBuildFile; fileRef = DAD35EC129F2364700E2E782 /* LICENSE */; };
		DAD35EC329F2364700E2E782 /* LICENSE in Resources */ = {isa = PBXBuildFile; fileRef = DAD35EC129F2364700E2E782 /* LICENSE */; };
		DAF5ED032CE76EC3004C1F8B /* HealthKitPage.swift in Sources */ = {isa = PBXBuildFile; fileRef = DAF5ED022CE76EC3004C1F8B /* HealthKitPage.swift */; };
		DAF5ED052CE8393E004C1F8B /* AccessibilityModifier.swift in Sources */ = {isa = PBXBuildFile; fileRef = DAF5ED042CE8393E004C1F8B /* AccessibilityModifier.swift */; };
		DAF5ED1A2CE9CB25004C1F8B /* SimpleInlineTip.swift in Sources */ = {isa = PBXBuildFile; fileRef = DAF5ED192CE9CB25004C1F8B /* SimpleInlineTip.swift */; };
		DAFEE83629C54E9D0027A3D8 /* StartView.swift in Sources */ = {isa = PBXBuildFile; fileRef = DAFEE83529C54E9D0027A3D8 /* StartView.swift */; };
/* End PBXBuildFile section */

/* Begin PBXContainerItemProxy section */
		DA64F6542BDD5F7100B8E9D6 /* PBXContainerItemProxy */ = {
			isa = PBXContainerItemProxy;
			containerPortal = DAA3BCBC29288C8700146F96 /* Project object */;
			proxyType = 1;
			remoteGlobalIDString = DAA3BCC729288C8700146F96;
			remoteInfo = "Stamina Bar Watch App";
		};
		DAA3BCCA29288C8700146F96 /* PBXContainerItemProxy */ = {
			isa = PBXContainerItemProxy;
			containerPortal = DAA3BCBC29288C8700146F96 /* Project object */;
			proxyType = 1;
			remoteGlobalIDString = DAA3BCC729288C8700146F96;
			remoteInfo = "Stamina Bar Watch App";
		};
		DAC32C452BEABDFB00A4D76B /* PBXContainerItemProxy */ = {
			isa = PBXContainerItemProxy;
			containerPortal = DAA3BCBC29288C8700146F96 /* Project object */;
			proxyType = 1;
			remoteGlobalIDString = DAC32C392BEABDFA00A4D76B;
			remoteInfo = StaminaBarWidget2Extension;
		};
/* End PBXContainerItemProxy section */

/* Begin PBXCopyFilesBuildPhase section */
		DAA3BCDB29288C8A00146F96 /* Embed Watch Content */ = {
			isa = PBXCopyFilesBuildPhase;
			buildActionMask = 2147483647;
			dstPath = "$(CONTENTS_FOLDER_PATH)/Watch";
			dstSubfolderSpec = 16;
			files = (
				DAA3BCC929288C8700146F96 /* Stamina Bar Watch App.app in Embed Watch Content */,
			);
			name = "Embed Watch Content";
			runOnlyForDeploymentPostprocessing = 0;
		};
		DAC32C4B2BEABDFB00A4D76B /* Embed Foundation Extensions */ = {
			isa = PBXCopyFilesBuildPhase;
			buildActionMask = 2147483647;
			dstPath = "";
			dstSubfolderSpec = 13;
			files = (
				DAC32C472BEABDFB00A4D76B /* StaminaBarWidget2Extension.appex in Embed Foundation Extensions */,
			);
			name = "Embed Foundation Extensions";
			runOnlyForDeploymentPostprocessing = 0;
		};
/* End PBXCopyFilesBuildPhase section */

/* Begin PBXFileReference section */
		DA0265AB2C386CCD0012D217 /* HealthKitModel.swift */ = {isa = PBXFileReference; lastKnownFileType = sourcecode.swift; path = HealthKitModel.swift; sourceTree = "<group>"; };
		DA0265AD2C386CF20012D217 /* StaminaCalculationAlgorithm.swift */ = {isa = PBXFileReference; lastKnownFileType = sourcecode.swift; path = StaminaCalculationAlgorithm.swift; sourceTree = "<group>"; };
		DA2CFA5E2D0FC44C00796859 /* SettingsView.swift */ = {isa = PBXFileReference; lastKnownFileType = sourcecode.swift; path = SettingsView.swift; sourceTree = "<group>"; };
		DA346CA129DB32F8009DCB4E /* README.md */ = {isa = PBXFileReference; lastKnownFileType = net.daringfireball.markdown; path = README.md; sourceTree = "<group>"; };
		DA64F6502BDD5F7100B8E9D6 /* Stamina Bar Watch AppTestsMain.xctest */ = {isa = PBXFileReference; explicitFileType = wrapper.cfbundle; includeInIndex = 0; path = "Stamina Bar Watch AppTestsMain.xctest"; sourceTree = BUILT_PRODUCTS_DIR; };
		DA64F6522BDD5F7100B8E9D6 /* Stamina_Bar_Watch_AppTestsMain.swift */ = {isa = PBXFileReference; lastKnownFileType = sourcecode.swift; path = Stamina_Bar_Watch_AppTestsMain.swift; sourceTree = "<group>"; };
		DAA3BCC229288C8700146F96 /* Stamina Bar.app */ = {isa = PBXFileReference; explicitFileType = wrapper.application; includeInIndex = 0; path = "Stamina Bar.app"; sourceTree = BUILT_PRODUCTS_DIR; };
		DAA3BCC829288C8700146F96 /* Stamina Bar Watch App.app */ = {isa = PBXFileReference; explicitFileType = wrapper.application; includeInIndex = 0; path = "Stamina Bar Watch App.app"; sourceTree = BUILT_PRODUCTS_DIR; };
		DAA3BCCD29288C8700146F96 /* Stamina_BarApp.swift */ = {isa = PBXFileReference; lastKnownFileType = sourcecode.swift; path = Stamina_BarApp.swift; sourceTree = "<group>"; };
		DAA3BCD129288C8A00146F96 /* Assets.xcassets */ = {isa = PBXFileReference; lastKnownFileType = folder.assetcatalog; path = Assets.xcassets; sourceTree = "<group>"; };
		DAA3BCD429288C8A00146F96 /* Preview Assets.xcassets */ = {isa = PBXFileReference; lastKnownFileType = folder.assetcatalog; path = "Preview Assets.xcassets"; sourceTree = SOURCE_ROOT; };
		DAA3BCDF29288CA500146F96 /* Stamina Bar Watch App.entitlements */ = {isa = PBXFileReference; lastKnownFileType = text.plist.entitlements; path = "Stamina Bar Watch App.entitlements"; sourceTree = "<group>"; };
		DAB8D2872A2082E600333D83 /* Stamina-Bar-Watch-App-Info.plist */ = {isa = PBXFileReference; lastKnownFileType = text.plist.xml; path = "Stamina-Bar-Watch-App-Info.plist"; sourceTree = "<group>"; };
		DAB8D28B2A21136200333D83 /* HapticManager.swift */ = {isa = PBXFileReference; lastKnownFileType = sourcecode.swift; path = HapticManager.swift; sourceTree = "<group>"; };
		DAC2575D2BD899B5003BD1CA /* StaminaBar-Bridging-Header.h */ = {isa = PBXFileReference; lastKnownFileType = sourcecode.c.h; path = "StaminaBar-Bridging-Header.h"; sourceTree = "<group>"; };
		DAC32C3A2BEABDFA00A4D76B /* StaminaBarWidget2Extension.appex */ = {isa = PBXFileReference; explicitFileType = "wrapper.app-extension"; includeInIndex = 0; path = StaminaBarWidget2Extension.appex; sourceTree = BUILT_PRODUCTS_DIR; };
		DAC32C3E2BEABDFA00A4D76B /* StaminaBarWidget2.swift */ = {isa = PBXFileReference; lastKnownFileType = sourcecode.swift; path = StaminaBarWidget2.swift; sourceTree = "<group>"; };
		DAC32C402BEABDFA00A4D76B /* AppIntent.swift */ = {isa = PBXFileReference; lastKnownFileType = sourcecode.swift; path = AppIntent.swift; sourceTree = "<group>"; };
		DAC32C422BEABDFB00A4D76B /* Assets.xcassets */ = {isa = PBXFileReference; lastKnownFileType = folder.assetcatalog; path = Assets.xcassets; sourceTree = "<group>"; };
		DAC32C442BEABDFB00A4D76B /* Info.plist */ = {isa = PBXFileReference; lastKnownFileType = text.plist.xml; path = Info.plist; sourceTree = "<group>"; };
		DAD35EC129F2364700E2E782 /* LICENSE */ = {isa = PBXFileReference; lastKnownFileType = text; path = LICENSE; sourceTree = "<group>"; };
		DAF3ED672AFD16F900ABCC8A /* WidgetKit.framework */ = {isa = PBXFileReference; lastKnownFileType = wrapper.framework; name = WidgetKit.framework; path = System/Library/Frameworks/WidgetKit.framework; sourceTree = SDKROOT; };
		DAF3ED692AFD16F900ABCC8A /* SwiftUI.framework */ = {isa = PBXFileReference; lastKnownFileType = wrapper.framework; name = SwiftUI.framework; path = System/Library/Frameworks/SwiftUI.framework; sourceTree = SDKROOT; };
		DAF5ED022CE76EC3004C1F8B /* HealthKitPage.swift */ = {isa = PBXFileReference; lastKnownFileType = sourcecode.swift; path = HealthKitPage.swift; sourceTree = "<group>"; };
		DAF5ED042CE8393E004C1F8B /* AccessibilityModifier.swift */ = {isa = PBXFileReference; lastKnownFileType = sourcecode.swift; path = AccessibilityModifier.swift; sourceTree = "<group>"; };
		DAF5ED192CE9CB25004C1F8B /* SimpleInlineTip.swift */ = {isa = PBXFileReference; lastKnownFileType = sourcecode.swift; path = SimpleInlineTip.swift; sourceTree = "<group>"; };
		DAFEE83529C54E9D0027A3D8 /* StartView.swift */ = {isa = PBXFileReference; lastKnownFileType = sourcecode.swift; path = StartView.swift; sourceTree = "<group>"; };
/* End PBXFileReference section */

/* Begin PBXFrameworksBuildPhase section */
		DA64F64D2BDD5F7100B8E9D6 /* Frameworks */ = {
			isa = PBXFrameworksBuildPhase;
			buildActionMask = 2147483647;
			files = (
			);
			runOnlyForDeploymentPostprocessing = 0;
		};
		DAA3BCC529288C8700146F96 /* Frameworks */ = {
			isa = PBXFrameworksBuildPhase;
			buildActionMask = 2147483647;
			files = (
			);
			runOnlyForDeploymentPostprocessing = 0;
		};
		DAC32C372BEABDFA00A4D76B /* Frameworks */ = {
			isa = PBXFrameworksBuildPhase;
			buildActionMask = 2147483647;
			files = (
				DAC32C3C2BEABDFA00A4D76B /* SwiftUI.framework in Frameworks */,
				DAC32C3B2BEABDFA00A4D76B /* WidgetKit.framework in Frameworks */,
			);
			runOnlyForDeploymentPostprocessing = 0;
		};
/* End PBXFrameworksBuildPhase section */

/* Begin PBXGroup section */
		DA62973B2B364E440068A3E8 /* Architecture - MVVM */ = {
			isa = PBXGroup;
			children = (
				DAFEE7F629BA45170027A3D8 /* Model */,
				DAFEE7F929BA455B0027A3D8 /* Views */,
				DAB8D28A2A2111BF00333D83 /* View Model */,
			);
			path = "Architecture - MVVM";
			sourceTree = "<group>";
		};
		DA64F6512BDD5F7100B8E9D6 /* Stamina Bar Watch AppTestsMain */ = {
			isa = PBXGroup;
			children = (
				DA64F6522BDD5F7100B8E9D6 /* Stamina_Bar_Watch_AppTestsMain.swift */,
			);
			path = "Stamina Bar Watch AppTestsMain";
			sourceTree = "<group>";
		};
		DAA3BCBB29288C8700146F96 = {
			isa = PBXGroup;
			children = (
				DAB8D2872A2082E600333D83 /* Stamina-Bar-Watch-App-Info.plist */,
				DAD35EC129F2364700E2E782 /* LICENSE */,
				DA346CA129DB32F8009DCB4E /* README.md */,
				DAA3BCD429288C8A00146F96 /* Preview Assets.xcassets */,
				DAA3BCCC29288C8700146F96 /* Stamina Bar Watch App */,
				DA64F6512BDD5F7100B8E9D6 /* Stamina Bar Watch AppTestsMain */,
				DAC32C3D2BEABDFA00A4D76B /* StaminaBarWidget2 */,
				DAF3ED662AFD16F900ABCC8A /* Frameworks */,
				DAA3BCC329288C8700146F96 /* Products */,
			);
			sourceTree = "<group>";
		};
		DAA3BCC329288C8700146F96 /* Products */ = {
			isa = PBXGroup;
			children = (
				DAA3BCC229288C8700146F96 /* Stamina Bar.app */,
				DAA3BCC829288C8700146F96 /* Stamina Bar Watch App.app */,
				DA64F6502BDD5F7100B8E9D6 /* Stamina Bar Watch AppTestsMain.xctest */,
				DAC32C3A2BEABDFA00A4D76B /* StaminaBarWidget2Extension.appex */,
			);
			name = Products;
			sourceTree = "<group>";
		};
		DAA3BCCC29288C8700146F96 /* Stamina Bar Watch App */ = {
			isa = PBXGroup;
			children = (
				DAA3BCCD29288C8700146F96 /* Stamina_BarApp.swift */,
				DAA3BCD129288C8A00146F96 /* Assets.xcassets */,
				DAA3BCDF29288CA500146F96 /* Stamina Bar Watch App.entitlements */,
				DA62973B2B364E440068A3E8 /* Architecture - MVVM */,
				DAC2575D2BD899B5003BD1CA /* StaminaBar-Bridging-Header.h */,
			);
			path = "Stamina Bar Watch App";
			sourceTree = "<group>";
		};
		DAB8D28A2A2111BF00333D83 /* View Model */ = {
			isa = PBXGroup;
			children = (
				DAF5ED192CE9CB25004C1F8B /* SimpleInlineTip.swift */,
				DAF5ED042CE8393E004C1F8B /* AccessibilityModifier.swift */,
				DAB8D28B2A21136200333D83 /* HapticManager.swift */,
			);
			path = "View Model";
			sourceTree = "<group>";
		};
		DAC32C3D2BEABDFA00A4D76B /* StaminaBarWidget2 */ = {
			isa = PBXGroup;
			children = (
				DAC32C3E2BEABDFA00A4D76B /* StaminaBarWidget2.swift */,
				DAC32C402BEABDFA00A4D76B /* AppIntent.swift */,
				DAC32C422BEABDFB00A4D76B /* Assets.xcassets */,
				DAC32C442BEABDFB00A4D76B /* Info.plist */,
			);
			path = StaminaBarWidget2;
			sourceTree = "<group>";
		};
		DAF3ED662AFD16F900ABCC8A /* Frameworks */ = {
			isa = PBXGroup;
			children = (
				DAF3ED672AFD16F900ABCC8A /* WidgetKit.framework */,
				DAF3ED692AFD16F900ABCC8A /* SwiftUI.framework */,
			);
			name = Frameworks;
			sourceTree = "<group>";
		};
		DAFEE7F629BA45170027A3D8 /* Model */ = {
			isa = PBXGroup;
			children = (
				DA0265AB2C386CCD0012D217 /* HealthKitModel.swift */,
				DA0265AD2C386CF20012D217 /* StaminaCalculationAlgorithm.swift */,
			);
			path = Model;
			sourceTree = "<group>";
		};
		DAFEE7F929BA455B0027A3D8 /* Views */ = {
			isa = PBXGroup;
			children = (
				DAFEE83529C54E9D0027A3D8 /* StartView.swift */,
				DA2CFA5E2D0FC44C00796859 /* SettingsView.swift */,
				DAF5ED022CE76EC3004C1F8B /* HealthKitPage.swift */,
			);
			path = Views;
			sourceTree = "<group>";
		};
/* End PBXGroup section */

/* Begin PBXNativeTarget section */
		DA64F64F2BDD5F7100B8E9D6 /* Stamina Bar Watch AppTestsMain */ = {
			isa = PBXNativeTarget;
			buildConfigurationList = DA64F6582BDD5F7100B8E9D6 /* Build configuration list for PBXNativeTarget "Stamina Bar Watch AppTestsMain" */;
			buildPhases = (
				DA64F64C2BDD5F7100B8E9D6 /* Sources */,
				DA64F64D2BDD5F7100B8E9D6 /* Frameworks */,
				DA64F64E2BDD5F7100B8E9D6 /* Resources */,
			);
			buildRules = (
			);
			dependencies = (
				DA64F6552BDD5F7100B8E9D6 /* PBXTargetDependency */,
			);
			name = "Stamina Bar Watch AppTestsMain";
			productName = "Stamina Bar Watch AppTestsMain";
			productReference = DA64F6502BDD5F7100B8E9D6 /* Stamina Bar Watch AppTestsMain.xctest */;
			productType = "com.apple.product-type.bundle.unit-test";
		};
		DAA3BCC129288C8700146F96 /* Stamina Bar */ = {
			isa = PBXNativeTarget;
			buildConfigurationList = DAA3BCDC29288C8A00146F96 /* Build configuration list for PBXNativeTarget "Stamina Bar" */;
			buildPhases = (
				DAA3BCC029288C8700146F96 /* Resources */,
				DAA3BCDB29288C8A00146F96 /* Embed Watch Content */,
			);
			buildRules = (
			);
			dependencies = (
				DAA3BCCB29288C8700146F96 /* PBXTargetDependency */,
			);
			name = "Stamina Bar";
			productName = "Stamina Bar";
			productReference = DAA3BCC229288C8700146F96 /* Stamina Bar.app */;
			productType = "com.apple.product-type.application.watchapp2-container";
		};
		DAA3BCC729288C8700146F96 /* Stamina Bar Watch App */ = {
			isa = PBXNativeTarget;
			buildConfigurationList = DAA3BCD829288C8A00146F96 /* Build configuration list for PBXNativeTarget "Stamina Bar Watch App" */;
			buildPhases = (
				DAA3BCC429288C8700146F96 /* Sources */,
				DAA3BCC529288C8700146F96 /* Frameworks */,
				DAA3BCC629288C8700146F96 /* Resources */,
				DAC32C4B2BEABDFB00A4D76B /* Embed Foundation Extensions */,
			);
			buildRules = (
			);
			dependencies = (
				DAC32C462BEABDFB00A4D76B /* PBXTargetDependency */,
			);
			name = "Stamina Bar Watch App";
			productName = "Stamina Bar Watch App";
			productReference = DAA3BCC829288C8700146F96 /* Stamina Bar Watch App.app */;
			productType = "com.apple.product-type.application";
		};
		DAC32C392BEABDFA00A4D76B /* StaminaBarWidget2Extension */ = {
			isa = PBXNativeTarget;
			buildConfigurationList = DAC32C482BEABDFB00A4D76B /* Build configuration list for PBXNativeTarget "StaminaBarWidget2Extension" */;
			buildPhases = (
				DAC32C362BEABDFA00A4D76B /* Sources */,
				DAC32C372BEABDFA00A4D76B /* Frameworks */,
				DAC32C382BEABDFA00A4D76B /* Resources */,
			);
			buildRules = (
			);
			dependencies = (
			);
			name = StaminaBarWidget2Extension;
			productName = StaminaBarWidget2Extension;
			productReference = DAC32C3A2BEABDFA00A4D76B /* StaminaBarWidget2Extension.appex */;
			productType = "com.apple.product-type.app-extension";
		};
/* End PBXNativeTarget section */

/* Begin PBXProject section */
		DAA3BCBC29288C8700146F96 /* Project object */ = {
			isa = PBXProject;
			attributes = {
				BuildIndependentTargetsInParallel = 1;
				LastSwiftUpdateCheck = 1530;
				LastUpgradeCheck = 1540;
				TargetAttributes = {
					DA64F64F2BDD5F7100B8E9D6 = {
						CreatedOnToolsVersion = 15.3;
						TestTargetID = DAA3BCC729288C8700146F96;
					};
					DAA3BCC129288C8700146F96 = {
						CreatedOnToolsVersion = 14.1;
						LastSwiftMigration = 1410;
					};
					DAA3BCC729288C8700146F96 = {
						CreatedOnToolsVersion = 14.1;
					};
					DAC32C392BEABDFA00A4D76B = {
						CreatedOnToolsVersion = 15.3;
					};
				};
			};
			buildConfigurationList = DAA3BCBF29288C8700146F96 /* Build configuration list for PBXProject "Stamina Bar" */;
			compatibilityVersion = "Xcode 14.0";
			developmentRegion = en;
			hasScannedForEncodings = 0;
			knownRegions = (
				en,
				Base,
			);
			mainGroup = DAA3BCBB29288C8700146F96;
			productRefGroup = DAA3BCC329288C8700146F96 /* Products */;
			projectDirPath = "";
			projectRoot = "";
			targets = (
				DAA3BCC129288C8700146F96 /* Stamina Bar */,
				DAA3BCC729288C8700146F96 /* Stamina Bar Watch App */,
				DA64F64F2BDD5F7100B8E9D6 /* Stamina Bar Watch AppTestsMain */,
				DAC32C392BEABDFA00A4D76B /* StaminaBarWidget2Extension */,
			);
		};
/* End PBXProject section */

/* Begin PBXResourcesBuildPhase section */
		DA64F64E2BDD5F7100B8E9D6 /* Resources */ = {
			isa = PBXResourcesBuildPhase;
			buildActionMask = 2147483647;
			files = (
			);
			runOnlyForDeploymentPostprocessing = 0;
		};
		DAA3BCC029288C8700146F96 /* Resources */ = {
			isa = PBXResourcesBuildPhase;
			buildActionMask = 2147483647;
			files = (
				DAB8D2882A2082E600333D83 /* Stamina-Bar-Watch-App-Info.plist in Resources */,
				DAD35EC229F2364700E2E782 /* LICENSE in Resources */,
				DAD35EB829F1C4A600E2E782 /* Assets.xcassets in Resources */,
				DA8E527229F0D75A00DD26AF /* Preview Assets.xcassets in Resources */,
			);
			runOnlyForDeploymentPostprocessing = 0;
		};
		DAA3BCC629288C8700146F96 /* Resources */ = {
			isa = PBXResourcesBuildPhase;
			buildActionMask = 2147483647;
			files = (
				DAD35EC329F2364700E2E782 /* LICENSE in Resources */,
				DAA3BCD529288C8A00146F96 /* Preview Assets.xcassets in Resources */,
				DAA3BCD229288C8A00146F96 /* Assets.xcassets in Resources */,
			);
			runOnlyForDeploymentPostprocessing = 0;
		};
		DAC32C382BEABDFA00A4D76B /* Resources */ = {
			isa = PBXResourcesBuildPhase;
			buildActionMask = 2147483647;
			files = (
				DAC32C432BEABDFB00A4D76B /* Assets.xcassets in Resources */,
			);
			runOnlyForDeploymentPostprocessing = 0;
		};
/* End PBXResourcesBuildPhase section */

/* Begin PBXSourcesBuildPhase section */
		DA64F64C2BDD5F7100B8E9D6 /* Sources */ = {
			isa = PBXSourcesBuildPhase;
			buildActionMask = 2147483647;
			files = (
				DA64F6532BDD5F7100B8E9D6 /* Stamina_Bar_Watch_AppTestsMain.swift in Sources */,
			);
			runOnlyForDeploymentPostprocessing = 0;
		};
		DAA3BCC429288C8700146F96 /* Sources */ = {
			isa = PBXSourcesBuildPhase;
			buildActionMask = 2147483647;
			files = (
				DAFEE83629C54E9D0027A3D8 /* StartView.swift in Sources */,
				DAA3BCCE29288C8700146F96 /* Stamina_BarApp.swift in Sources */,
				DAB8D28C2A21136200333D83 /* HapticManager.swift in Sources */,
				DA2CFA5F2D0FC44C00796859 /* SettingsView.swift in Sources */,
				DAF5ED032CE76EC3004C1F8B /* HealthKitPage.swift in Sources */,
				DA0265AC2C386CCD0012D217 /* HealthKitModel.swift in Sources */,
				DAF5ED052CE8393E004C1F8B /* AccessibilityModifier.swift in Sources */,
				DA0265AE2C386CF20012D217 /* StaminaCalculationAlgorithm.swift in Sources */,
				DAF5ED1A2CE9CB25004C1F8B /* SimpleInlineTip.swift in Sources */,
			);
			runOnlyForDeploymentPostprocessing = 0;
		};
		DAC32C362BEABDFA00A4D76B /* Sources */ = {
			isa = PBXSourcesBuildPhase;
			buildActionMask = 2147483647;
			files = (
				DAC32C3F2BEABDFA00A4D76B /* StaminaBarWidget2.swift in Sources */,
				DAC32C412BEABDFA00A4D76B /* AppIntent.swift in Sources */,
			);
			runOnlyForDeploymentPostprocessing = 0;
		};
/* End PBXSourcesBuildPhase section */

/* Begin PBXTargetDependency section */
		DA64F6552BDD5F7100B8E9D6 /* PBXTargetDependency */ = {
			isa = PBXTargetDependency;
			target = DAA3BCC729288C8700146F96 /* Stamina Bar Watch App */;
			targetProxy = DA64F6542BDD5F7100B8E9D6 /* PBXContainerItemProxy */;
		};
		DAA3BCCB29288C8700146F96 /* PBXTargetDependency */ = {
			isa = PBXTargetDependency;
			target = DAA3BCC729288C8700146F96 /* Stamina Bar Watch App */;
			targetProxy = DAA3BCCA29288C8700146F96 /* PBXContainerItemProxy */;
		};
		DAC32C462BEABDFB00A4D76B /* PBXTargetDependency */ = {
			isa = PBXTargetDependency;
			target = DAC32C392BEABDFA00A4D76B /* StaminaBarWidget2Extension */;
			targetProxy = DAC32C452BEABDFB00A4D76B /* PBXContainerItemProxy */;
		};
/* End PBXTargetDependency section */

/* Begin XCBuildConfiguration section */
		DA64F6562BDD5F7100B8E9D6 /* Debug */ = {
			isa = XCBuildConfiguration;
			buildSettings = {
				ASSETCATALOG_COMPILER_GENERATE_SWIFT_ASSET_SYMBOL_EXTENSIONS = YES;
				BUNDLE_LOADER = "$(TEST_HOST)";
				CODE_SIGN_STYLE = Automatic;
				CURRENT_PROJECT_VERSION = 1;
				DEVELOPMENT_TEAM = 339H39SFM9;
				GCC_C_LANGUAGE_STANDARD = gnu17;
				GENERATE_INFOPLIST_FILE = YES;
				LOCALIZATION_PREFERS_STRING_CATALOGS = YES;
				MARKETING_VERSION = 1.0;
				PRODUCT_BUNDLE_IDENTIFIER = "zbellis-studios.Stamina-Bar-Watch-AppTestsMain";
				PRODUCT_NAME = "$(TARGET_NAME)";
				SDKROOT = watchos;
				SWIFT_ACTIVE_COMPILATION_CONDITIONS = "DEBUG $(inherited)";
				SWIFT_EMIT_LOC_STRINGS = NO;
				SWIFT_VERSION = 5.0;
				TARGETED_DEVICE_FAMILY = 4;
				TEST_HOST = "$(BUILT_PRODUCTS_DIR)/Stamina Bar Watch App.app/$(BUNDLE_EXECUTABLE_FOLDER_PATH)/Stamina Bar Watch App";
				WATCHOS_DEPLOYMENT_TARGET = 10.0;
			};
			name = Debug;
		};
		DA64F6572BDD5F7100B8E9D6 /* Release */ = {
			isa = XCBuildConfiguration;
			buildSettings = {
				ASSETCATALOG_COMPILER_GENERATE_SWIFT_ASSET_SYMBOL_EXTENSIONS = YES;
				BUNDLE_LOADER = "$(TEST_HOST)";
				CODE_SIGN_STYLE = Automatic;
				COPY_PHASE_STRIP = NO;
				CURRENT_PROJECT_VERSION = 1;
				DEVELOPMENT_TEAM = 339H39SFM9;
				GCC_C_LANGUAGE_STANDARD = gnu17;
				GENERATE_INFOPLIST_FILE = YES;
				LOCALIZATION_PREFERS_STRING_CATALOGS = YES;
				MARKETING_VERSION = 1.0;
				PRODUCT_BUNDLE_IDENTIFIER = "zbellis-studios.Stamina-Bar-Watch-AppTestsMain";
				PRODUCT_NAME = "$(TARGET_NAME)";
				SDKROOT = watchos;
				SWIFT_EMIT_LOC_STRINGS = NO;
				SWIFT_VERSION = 5.0;
				TARGETED_DEVICE_FAMILY = 4;
				TEST_HOST = "$(BUILT_PRODUCTS_DIR)/Stamina Bar Watch App.app/$(BUNDLE_EXECUTABLE_FOLDER_PATH)/Stamina Bar Watch App";
				VALIDATE_PRODUCT = YES;
				WATCHOS_DEPLOYMENT_TARGET = 10.0;
			};
			name = Release;
		};
		DAA3BCD629288C8A00146F96 /* Debug */ = {
			isa = XCBuildConfiguration;
			buildSettings = {
				ALWAYS_SEARCH_USER_PATHS = NO;
				ASSETCATALOG_COMPILER_GENERATE_SWIFT_ASSET_SYMBOL_EXTENSIONS = YES;
				CLANG_ANALYZER_NONNULL = YES;
				CLANG_ANALYZER_NUMBER_OBJECT_CONVERSION = YES_AGGRESSIVE;
				CLANG_CXX_LANGUAGE_STANDARD = "gnu++20";
				CLANG_ENABLE_MODULES = YES;
				CLANG_ENABLE_OBJC_ARC = YES;
				CLANG_ENABLE_OBJC_WEAK = YES;
				CLANG_WARN_BLOCK_CAPTURE_AUTORELEASING = YES;
				CLANG_WARN_BOOL_CONVERSION = YES;
				CLANG_WARN_COMMA = YES;
				CLANG_WARN_CONSTANT_CONVERSION = YES;
				CLANG_WARN_DEPRECATED_OBJC_IMPLEMENTATIONS = YES;
				CLANG_WARN_DIRECT_OBJC_ISA_USAGE = YES_ERROR;
				CLANG_WARN_DOCUMENTATION_COMMENTS = YES;
				CLANG_WARN_EMPTY_BODY = YES;
				CLANG_WARN_ENUM_CONVERSION = YES;
				CLANG_WARN_INFINITE_RECURSION = YES;
				CLANG_WARN_INT_CONVERSION = YES;
				CLANG_WARN_NON_LITERAL_NULL_CONVERSION = YES;
				CLANG_WARN_OBJC_IMPLICIT_RETAIN_SELF = YES;
				CLANG_WARN_OBJC_LITERAL_CONVERSION = YES;
				CLANG_WARN_OBJC_ROOT_CLASS = YES_ERROR;
				CLANG_WARN_QUOTED_INCLUDE_IN_FRAMEWORK_HEADER = YES;
				CLANG_WARN_RANGE_LOOP_ANALYSIS = YES;
				CLANG_WARN_STRICT_PROTOTYPES = YES;
				CLANG_WARN_SUSPICIOUS_MOVE = YES;
				CLANG_WARN_UNGUARDED_AVAILABILITY = YES_AGGRESSIVE;
				CLANG_WARN_UNREACHABLE_CODE = YES;
				CLANG_WARN__DUPLICATE_METHOD_MATCH = YES;
				COPY_PHASE_STRIP = NO;
				DEAD_CODE_STRIPPING = YES;
				DEBUG_INFORMATION_FORMAT = dwarf;
				ENABLE_STRICT_OBJC_MSGSEND = YES;
				ENABLE_TESTABILITY = YES;
				ENABLE_USER_SCRIPT_SANDBOXING = YES;
				GCC_C_LANGUAGE_STANDARD = gnu11;
				GCC_DYNAMIC_NO_PIC = NO;
				GCC_NO_COMMON_BLOCKS = YES;
				GCC_OPTIMIZATION_LEVEL = 0;
				GCC_PREPROCESSOR_DEFINITIONS = (
					"DEBUG=1",
					"$(inherited)",
				);
				GCC_WARN_64_TO_32_BIT_CONVERSION = YES;
				GCC_WARN_ABOUT_RETURN_TYPE = YES_ERROR;
				GCC_WARN_UNDECLARED_SELECTOR = YES;
				GCC_WARN_UNINITIALIZED_AUTOS = YES_AGGRESSIVE;
				GCC_WARN_UNUSED_FUNCTION = YES;
				GCC_WARN_UNUSED_VARIABLE = YES;
				INFOPLIST_KEY_CLKComplicationPrincipalClass = "";
				MTL_ENABLE_DEBUG_INFO = INCLUDE_SOURCE;
				MTL_FAST_MATH = YES;
				ONLY_ACTIVE_ARCH = YES;
				SWIFT_ACTIVE_COMPILATION_CONDITIONS = DEBUG;
				SWIFT_OPTIMIZATION_LEVEL = "-Onone";
				WATCHOS_DEPLOYMENT_TARGET = 10.0;
			};
			name = Debug;
		};
		DAA3BCD729288C8A00146F96 /* Release */ = {
			isa = XCBuildConfiguration;
			buildSettings = {
				ALWAYS_SEARCH_USER_PATHS = NO;
				ASSETCATALOG_COMPILER_GENERATE_SWIFT_ASSET_SYMBOL_EXTENSIONS = YES;
				CLANG_ANALYZER_NONNULL = YES;
				CLANG_ANALYZER_NUMBER_OBJECT_CONVERSION = YES_AGGRESSIVE;
				CLANG_CXX_LANGUAGE_STANDARD = "gnu++20";
				CLANG_ENABLE_MODULES = YES;
				CLANG_ENABLE_OBJC_ARC = YES;
				CLANG_ENABLE_OBJC_WEAK = YES;
				CLANG_WARN_BLOCK_CAPTURE_AUTORELEASING = YES;
				CLANG_WARN_BOOL_CONVERSION = YES;
				CLANG_WARN_COMMA = YES;
				CLANG_WARN_CONSTANT_CONVERSION = YES;
				CLANG_WARN_DEPRECATED_OBJC_IMPLEMENTATIONS = YES;
				CLANG_WARN_DIRECT_OBJC_ISA_USAGE = YES_ERROR;
				CLANG_WARN_DOCUMENTATION_COMMENTS = YES;
				CLANG_WARN_EMPTY_BODY = YES;
				CLANG_WARN_ENUM_CONVERSION = YES;
				CLANG_WARN_INFINITE_RECURSION = YES;
				CLANG_WARN_INT_CONVERSION = YES;
				CLANG_WARN_NON_LITERAL_NULL_CONVERSION = YES;
				CLANG_WARN_OBJC_IMPLICIT_RETAIN_SELF = YES;
				CLANG_WARN_OBJC_LITERAL_CONVERSION = YES;
				CLANG_WARN_OBJC_ROOT_CLASS = YES_ERROR;
				CLANG_WARN_QUOTED_INCLUDE_IN_FRAMEWORK_HEADER = YES;
				CLANG_WARN_RANGE_LOOP_ANALYSIS = YES;
				CLANG_WARN_STRICT_PROTOTYPES = YES;
				CLANG_WARN_SUSPICIOUS_MOVE = YES;
				CLANG_WARN_UNGUARDED_AVAILABILITY = YES_AGGRESSIVE;
				CLANG_WARN_UNREACHABLE_CODE = YES;
				CLANG_WARN__DUPLICATE_METHOD_MATCH = YES;
				COPY_PHASE_STRIP = YES;
				DEAD_CODE_STRIPPING = YES;
				DEBUGGING_SYMBOLS = NO;
				DEBUG_INFORMATION_FORMAT = "dwarf-with-dsym";
				ENABLE_NS_ASSERTIONS = NO;
				ENABLE_STRICT_OBJC_MSGSEND = YES;
				ENABLE_USER_SCRIPT_SANDBOXING = YES;
				GCC_C_LANGUAGE_STANDARD = gnu11;
				GCC_NO_COMMON_BLOCKS = YES;
				GCC_WARN_64_TO_32_BIT_CONVERSION = YES;
				GCC_WARN_ABOUT_RETURN_TYPE = YES_ERROR;
				GCC_WARN_UNDECLARED_SELECTOR = YES;
				GCC_WARN_UNINITIALIZED_AUTOS = YES_AGGRESSIVE;
				GCC_WARN_UNUSED_FUNCTION = YES;
				GCC_WARN_UNUSED_VARIABLE = YES;
				INFOPLIST_KEY_CLKComplicationPrincipalClass = "";
				MTL_ENABLE_DEBUG_INFO = NO;
				MTL_FAST_MATH = YES;
				SWIFT_COMPILATION_MODE = wholemodule;
				SWIFT_OPTIMIZATION_LEVEL = "-O";
				WATCHOS_DEPLOYMENT_TARGET = 10.0;
			};
			name = Release;
		};
		DAA3BCD929288C8A00146F96 /* Debug */ = {
			isa = XCBuildConfiguration;
			buildSettings = {
				ALWAYS_EMBED_SWIFT_STANDARD_LIBRARIES = YES;
				ASSETCATALOG_COMPILER_APPICON_NAME = AppIcon;
				ASSETCATALOG_COMPILER_GLOBAL_ACCENT_COLOR_NAME = AccentColor;
				CODE_SIGN_ENTITLEMENTS = "Stamina Bar Watch App/Stamina Bar Watch App.entitlements";
				CODE_SIGN_IDENTITY = "Apple Development";
				CODE_SIGN_STYLE = Automatic;
				CURRENT_PROJECT_VERSION = 1;
				DEVELOPMENT_TEAM = 339H39SFM9;
				ENABLE_PREVIEWS = YES;
				GENERATE_INFOPLIST_FILE = YES;
				INFOPLIST_FILE = "Stamina-Bar-Watch-App-Info.plist";
				INFOPLIST_KEY_CFBundleDisplayName = "Stamina Bar";
				INFOPLIST_KEY_CLKComplicationPrincipalClass = Stamina_Bar_Watch_App.ComplicationController;
				INFOPLIST_KEY_NSHealthShareUsageDescription = "Our app writes data to HealthKit to update your health profile based on activities tracked by your Apple Watch, helping you maintain accurate health records across your devices.";
				INFOPLIST_KEY_NSHealthUpdateUsageDescription = "Our app writes data to HealthKit to update your health profile based on activities tracked by your Apple Watch, helping you maintain accurate health records across your devices.";
				INFOPLIST_KEY_UISupportedInterfaceOrientations = "UIInterfaceOrientationPortrait UIInterfaceOrientationPortraitUpsideDown";
				INFOPLIST_KEY_WKWatchOnly = YES;
				LD_RUNPATH_SEARCH_PATHS = (
					"$(inherited)",
					"@executable_path/Frameworks",
				);
				MARKETING_VERSION = 1.99;
				PRODUCT_BUNDLE_IDENTIFIER = "zellis.Stamina-Bar.watchkitapp";
				PRODUCT_NAME = "$(TARGET_NAME)";
				PROVISIONING_PROFILE_SPECIFIER = "";
				SDKROOT = watchos;
				SKIP_INSTALL = YES;
				SWIFT_EMIT_LOC_STRINGS = YES;
				SWIFT_VERSION = 5.0;
				TARGETED_DEVICE_FAMILY = 4;
				WATCHOS_DEPLOYMENT_TARGET = 10.0;
			};
			name = Debug;
		};
		DAA3BCDA29288C8A00146F96 /* Release */ = {
			isa = XCBuildConfiguration;
			buildSettings = {
				ALWAYS_EMBED_SWIFT_STANDARD_LIBRARIES = YES;
				ASSETCATALOG_COMPILER_APPICON_NAME = AppIcon;
				ASSETCATALOG_COMPILER_GLOBAL_ACCENT_COLOR_NAME = AccentColor;
				CODE_SIGN_ENTITLEMENTS = "Stamina Bar Watch App/Stamina Bar Watch App.entitlements";
				CODE_SIGN_IDENTITY = "Apple Development";
				CODE_SIGN_STYLE = Automatic;
				CURRENT_PROJECT_VERSION = 1;
				DEVELOPMENT_TEAM = 339H39SFM9;
				ENABLE_PREVIEWS = YES;
				GENERATE_INFOPLIST_FILE = YES;
				INFOPLIST_FILE = "Stamina-Bar-Watch-App-Info.plist";
				INFOPLIST_KEY_CFBundleDisplayName = "Stamina Bar";
				INFOPLIST_KEY_CLKComplicationPrincipalClass = Stamina_Bar_Watch_App.ComplicationController;
				INFOPLIST_KEY_NSHealthShareUsageDescription = "Our app writes data to HealthKit to update your health profile based on activities tracked by your Apple Watch, helping you maintain accurate health records across your devices.";
				INFOPLIST_KEY_NSHealthUpdateUsageDescription = "Our app writes data to HealthKit to update your health profile based on activities tracked by your Apple Watch, helping you maintain accurate health records across your devices.";
				INFOPLIST_KEY_UISupportedInterfaceOrientations = "UIInterfaceOrientationPortrait UIInterfaceOrientationPortraitUpsideDown";
				INFOPLIST_KEY_WKWatchOnly = YES;
				LD_RUNPATH_SEARCH_PATHS = (
					"$(inherited)",
					"@executable_path/Frameworks",
				);
				MARKETING_VERSION = 1.99;
				PRODUCT_BUNDLE_IDENTIFIER = "zellis.Stamina-Bar.watchkitapp";
				PRODUCT_NAME = "$(TARGET_NAME)";
				PROVISIONING_PROFILE_SPECIFIER = "";
				SDKROOT = watchos;
				SKIP_INSTALL = YES;
				SWIFT_EMIT_LOC_STRINGS = YES;
				SWIFT_VERSION = 5.0;
				TARGETED_DEVICE_FAMILY = 4;
				VALIDATE_PRODUCT = YES;
				WATCHOS_DEPLOYMENT_TARGET = 10.0;
			};
			name = Release;
		};
		DAA3BCDD29288C8A00146F96 /* Debug */ = {
			isa = XCBuildConfiguration;
			buildSettings = {
				ALWAYS_EMBED_SWIFT_STANDARD_LIBRARIES = YES;
				CLANG_ENABLE_MODULES = YES;
				CODE_SIGN_IDENTITY = "Apple Development";
				CODE_SIGN_STYLE = Automatic;
				CURRENT_PROJECT_VERSION = 1;
				DEVELOPMENT_TEAM = 339H39SFM9;
				INFOPLIST_KEY_CFBundleDisplayName = "Stamina Bar";
				INFOPLIST_KEY_CLKComplicationPrincipalClass = Stamina_Bar_Watch_App.ComplicationController;
				LD_RUNPATH_SEARCH_PATHS = (
					"$(inherited)",
					"@executable_path/Frameworks",
					"@loader_path/Frameworks",
				);
				MARKETING_VERSION = 1.99;
				PRODUCT_BUNDLE_IDENTIFIER = "zellis.Stamina-Bar";
				PRODUCT_NAME = "$(TARGET_NAME)";
				PROVISIONING_PROFILE_SPECIFIER = "";
				SDKROOT = iphoneos;
				SWIFT_OBJC_BRIDGING_HEADER = "Stamina Bar-Bridging-Header.h";
				SWIFT_OPTIMIZATION_LEVEL = "-Onone";
				SWIFT_VERSION = 5.0;
			};
			name = Debug;
		};
		DAA3BCDE29288C8A00146F96 /* Release */ = {
			isa = XCBuildConfiguration;
			buildSettings = {
				ALWAYS_EMBED_SWIFT_STANDARD_LIBRARIES = YES;
				CLANG_ENABLE_MODULES = YES;
				CODE_SIGN_IDENTITY = "Apple Development";
				CODE_SIGN_STYLE = Automatic;
				CURRENT_PROJECT_VERSION = 1;
				DEVELOPMENT_TEAM = 339H39SFM9;
				INFOPLIST_KEY_CFBundleDisplayName = "Stamina Bar";
				INFOPLIST_KEY_CLKComplicationPrincipalClass = Stamina_Bar_Watch_App.ComplicationController;
				LD_RUNPATH_SEARCH_PATHS = (
					"$(inherited)",
					"@executable_path/Frameworks",
					"@loader_path/Frameworks",
				);
				MARKETING_VERSION = 1.99;
				PRODUCT_BUNDLE_IDENTIFIER = "zellis.Stamina-Bar";
				PRODUCT_NAME = "$(TARGET_NAME)";
				PROVISIONING_PROFILE_SPECIFIER = "";
				SDKROOT = iphoneos;
				SWIFT_OBJC_BRIDGING_HEADER = "Stamina Bar-Bridging-Header.h";
				SWIFT_VERSION = 5.0;
				VALIDATE_PRODUCT = YES;
			};
			name = Release;
		};
		DAC32C492BEABDFB00A4D76B /* Debug */ = {
			isa = XCBuildConfiguration;
			buildSettings = {
				ASSETCATALOG_COMPILER_GENERATE_SWIFT_ASSET_SYMBOL_EXTENSIONS = YES;
				ASSETCATALOG_COMPILER_GLOBAL_ACCENT_COLOR_NAME = AccentColor;
				ASSETCATALOG_COMPILER_WIDGET_BACKGROUND_COLOR_NAME = WidgetBackground;
				CODE_SIGN_IDENTITY = "Apple Development";
				CODE_SIGN_STYLE = Automatic;
				CURRENT_PROJECT_VERSION = 1;
				DEVELOPMENT_TEAM = 339H39SFM9;
				GCC_C_LANGUAGE_STANDARD = gnu17;
				GENERATE_INFOPLIST_FILE = YES;
				INFOPLIST_FILE = StaminaBarWidget2/Info.plist;
				INFOPLIST_KEY_CFBundleDisplayName = StaminaBarWidget2;
				INFOPLIST_KEY_NSHumanReadableCopyright = "";
				LD_RUNPATH_SEARCH_PATHS = (
					"$(inherited)",
					"@executable_path/Frameworks",
					"@executable_path/../../Frameworks",
					"@executable_path/../../../../Frameworks",
				);
				LOCALIZATION_PREFERS_STRING_CATALOGS = YES;
				MARKETING_VERSION = 1.0;
				PRODUCT_BUNDLE_IDENTIFIER = "zellis.Stamina-Bar.watchkitapp.StaminaBarWidget2";
				PRODUCT_NAME = "$(TARGET_NAME)";
				SDKROOT = watchos;
				SKIP_INSTALL = YES;
				SWIFT_ACTIVE_COMPILATION_CONDITIONS = "DEBUG $(inherited)";
				SWIFT_EMIT_LOC_STRINGS = YES;
				SWIFT_VERSION = 5.0;
				TARGETED_DEVICE_FAMILY = 4;
				WATCHOS_DEPLOYMENT_TARGET = 10.4;
			};
			name = Debug;
		};
		DAC32C4A2BEABDFB00A4D76B /* Release */ = {
			isa = XCBuildConfiguration;
			buildSettings = {
				ASSETCATALOG_COMPILER_GENERATE_SWIFT_ASSET_SYMBOL_EXTENSIONS = YES;
				ASSETCATALOG_COMPILER_GLOBAL_ACCENT_COLOR_NAME = AccentColor;
				ASSETCATALOG_COMPILER_WIDGET_BACKGROUND_COLOR_NAME = WidgetBackground;
				CODE_SIGN_IDENTITY = "Apple Development";
				CODE_SIGN_STYLE = Automatic;
				COPY_PHASE_STRIP = NO;
				CURRENT_PROJECT_VERSION = 1;
				DEVELOPMENT_TEAM = 339H39SFM9;
				GCC_C_LANGUAGE_STANDARD = gnu17;
				GENERATE_INFOPLIST_FILE = YES;
				INFOPLIST_FILE = StaminaBarWidget2/Info.plist;
				INFOPLIST_KEY_CFBundleDisplayName = StaminaBarWidget2;
				INFOPLIST_KEY_NSHumanReadableCopyright = "";
				LD_RUNPATH_SEARCH_PATHS = (
					"$(inherited)",
					"@executable_path/Frameworks",
					"@executable_path/../../Frameworks",
					"@executable_path/../../../../Frameworks",
				);
				LOCALIZATION_PREFERS_STRING_CATALOGS = YES;
				MARKETING_VERSION = 1.0;
				PRODUCT_BUNDLE_IDENTIFIER = "zellis.Stamina-Bar.watchkitapp.StaminaBarWidget2";
				PRODUCT_NAME = "$(TARGET_NAME)";
				SDKROOT = watchos;
				SKIP_INSTALL = YES;
				SWIFT_EMIT_LOC_STRINGS = YES;
				SWIFT_VERSION = 5.0;
				TARGETED_DEVICE_FAMILY = 4;
				VALIDATE_PRODUCT = YES;
				WATCHOS_DEPLOYMENT_TARGET = 10.4;
			};
			name = Release;
		};
/* End XCBuildConfiguration section */

/* Begin XCConfigurationList section */
		DA64F6582BDD5F7100B8E9D6 /* Build configuration list for PBXNativeTarget "Stamina Bar Watch AppTestsMain" */ = {
			isa = XCConfigurationList;
			buildConfigurations = (
				DA64F6562BDD5F7100B8E9D6 /* Debug */,
				DA64F6572BDD5F7100B8E9D6 /* Release */,
			);
			defaultConfigurationIsVisible = 0;
			defaultConfigurationName = Release;
		};
		DAA3BCBF29288C8700146F96 /* Build configuration list for PBXProject "Stamina Bar" */ = {
			isa = XCConfigurationList;
			buildConfigurations = (
				DAA3BCD629288C8A00146F96 /* Debug */,
				DAA3BCD729288C8A00146F96 /* Release */,
			);
			defaultConfigurationIsVisible = 0;
			defaultConfigurationName = Release;
		};
		DAA3BCD829288C8A00146F96 /* Build configuration list for PBXNativeTarget "Stamina Bar Watch App" */ = {
			isa = XCConfigurationList;
			buildConfigurations = (
				DAA3BCD929288C8A00146F96 /* Debug */,
				DAA3BCDA29288C8A00146F96 /* Release */,
			);
			defaultConfigurationIsVisible = 0;
			defaultConfigurationName = Release;
		};
		DAA3BCDC29288C8A00146F96 /* Build configuration list for PBXNativeTarget "Stamina Bar" */ = {
			isa = XCConfigurationList;
			buildConfigurations = (
				DAA3BCDD29288C8A00146F96 /* Debug */,
				DAA3BCDE29288C8A00146F96 /* Release */,
			);
			defaultConfigurationIsVisible = 0;
			defaultConfigurationName = Release;
		};
		DAC32C482BEABDFB00A4D76B /* Build configuration list for PBXNativeTarget "StaminaBarWidget2Extension" */ = {
			isa = XCConfigurationList;
			buildConfigurations = (
				DAC32C492BEABDFB00A4D76B /* Debug */,
				DAC32C4A2BEABDFB00A4D76B /* Release */,
			);
			defaultConfigurationIsVisible = 0;
			defaultConfigurationName = Release;
		};
/* End XCConfigurationList section */
	};
	rootObject = DAA3BCBC29288C8700146F96 /* Project object */;
}
