// !$*UTF8*$!
{
	archiveVersion = 1;
	classes = {
	};
	objectVersion = 56;
	objects = {

/* Begin PBXBuildFile section */
		DA48B4302A380D3200E9269B /* VerticalCarouselView.swift in Sources */ = {isa = PBXBuildFile; fileRef = DA48B42F2A380D3200E9269B /* VerticalCarouselView.swift */; };
		DA534F7A2AD5B84100C3706B /* HeartRateVariabilityView.swift in Sources */ = {isa = PBXBuildFile; fileRef = DA534F792AD5B84100C3706B /* HeartRateVariabilityView.swift */; };
		DA5CDB062A36C1990089757D /* UserAgeReader.swift in Sources */ = {isa = PBXBuildFile; fileRef = DA5CDB052A36C1990089757D /* UserAgeReader.swift */; };
		DA8E526F29EEF71700DD26AF /* StaminaBarView.swift in Sources */ = {isa = PBXBuildFile; fileRef = DA8E526E29EEF71700DD26AF /* StaminaBarView.swift */; };
		DA8E527229F0D75A00DD26AF /* Preview Assets.xcassets in Resources */ = {isa = PBXBuildFile; fileRef = DAA3BCD429288C8A00146F96 /* Preview Assets.xcassets */; };
		DAA3BCC929288C8700146F96 /* Stamina Bar Watch App.app in Embed Watch Content */ = {isa = PBXBuildFile; fileRef = DAA3BCC829288C8700146F96 /* Stamina Bar Watch App.app */; settings = {ATTRIBUTES = (RemoveHeadersOnCopy, ); }; };
		DAA3BCCE29288C8700146F96 /* Stamina_BarApp.swift in Sources */ = {isa = PBXBuildFile; fileRef = DAA3BCCD29288C8700146F96 /* Stamina_BarApp.swift */; };
		DAA3BCD229288C8A00146F96 /* Assets.xcassets in Resources */ = {isa = PBXBuildFile; fileRef = DAA3BCD129288C8A00146F96 /* Assets.xcassets */; };
		DAA3BCD529288C8A00146F96 /* Preview Assets.xcassets in Resources */ = {isa = PBXBuildFile; fileRef = DAA3BCD429288C8A00146F96 /* Preview Assets.xcassets */; };
		DAB8D2882A2082E600333D83 /* Stamina-Bar-Watch-App-Info.plist in Resources */ = {isa = PBXBuildFile; fileRef = DAB8D2872A2082E600333D83 /* Stamina-Bar-Watch-App-Info.plist */; };
		DAB8D28C2A21136200333D83 /* HapticManager.swift in Sources */ = {isa = PBXBuildFile; fileRef = DAB8D28B2A21136200333D83 /* HapticManager.swift */; };
		DACEAD462AD1CD1300DCC032 /* CurrentCaloriesView.swift in Sources */ = {isa = PBXBuildFile; fileRef = DACEAD452AD1CD1300DCC032 /* CurrentCaloriesView.swift */; };
		DACEAD482AD3549700DCC032 /* StepCountView.swift in Sources */ = {isa = PBXBuildFile; fileRef = DACEAD472AD3549700DCC032 /* StepCountView.swift */; };
		DACEAD4A2AD57E6A00DCC032 /* TotalCaloriesView.swift in Sources */ = {isa = PBXBuildFile; fileRef = DACEAD492AD57E6A00DCC032 /* TotalCaloriesView.swift */; };
		DACEAD4C2AD57FDD00DCC032 /* CardioFitnessView.swift in Sources */ = {isa = PBXBuildFile; fileRef = DACEAD4B2AD57FDD00DCC032 /* CardioFitnessView.swift */; };
		DAD35EB829F1C4A600E2E782 /* Assets.xcassets in Resources */ = {isa = PBXBuildFile; fileRef = DAA3BCD129288C8A00146F96 /* Assets.xcassets */; };
		DAD35EC029F1D2B900E2E782 /* ComplicationController.swift in Sources */ = {isa = PBXBuildFile; fileRef = DAD35EBF29F1D2B900E2E782 /* ComplicationController.swift */; };
		DAD35EC229F2364700E2E782 /* LICENSE in Resources */ = {isa = PBXBuildFile; fileRef = DAD35EC129F2364700E2E782 /* LICENSE */; };
		DAD35EC329F2364700E2E782 /* LICENSE in Resources */ = {isa = PBXBuildFile; fileRef = DAD35EC129F2364700E2E782 /* LICENSE */; };
		DAEB44242A34E1D10059081C /* HealthKitDataView.swift in Sources */ = {isa = PBXBuildFile; fileRef = DAEB44232A34E1D10059081C /* HealthKitDataView.swift */; };
		DAFEE7F829BA45310027A3D8 /* WorkoutManager.swift in Sources */ = {isa = PBXBuildFile; fileRef = DAFEE7F729BA45310027A3D8 /* WorkoutManager.swift */; };
		DAFEE83629C54E9D0027A3D8 /* StartView.swift in Sources */ = {isa = PBXBuildFile; fileRef = DAFEE83529C54E9D0027A3D8 /* StartView.swift */; };
		DAFEE83829C54EEA0027A3D8 /* SummaryView.swift in Sources */ = {isa = PBXBuildFile; fileRef = DAFEE83729C54EEA0027A3D8 /* SummaryView.swift */; };
		DAFEE83A29C550380027A3D8 /* SessionPagingView.swift in Sources */ = {isa = PBXBuildFile; fileRef = DAFEE83929C550380027A3D8 /* SessionPagingView.swift */; };
		DAFEE83E29C5507A0027A3D8 /* ControlsView.swift in Sources */ = {isa = PBXBuildFile; fileRef = DAFEE83D29C5507A0027A3D8 /* ControlsView.swift */; };
		DAFEE84029C551050027A3D8 /* ElapsedTimeView.swift in Sources */ = {isa = PBXBuildFile; fileRef = DAFEE83F29C551050027A3D8 /* ElapsedTimeView.swift */; };
		DAFEE84229C551610027A3D8 /* MetricsView.swift in Sources */ = {isa = PBXBuildFile; fileRef = DAFEE84129C551610027A3D8 /* MetricsView.swift */; };
/* End PBXBuildFile section */

/* Begin PBXContainerItemProxy section */
		DA3D0E0F29E7329F00195530 /* PBXContainerItemProxy */ = {
			isa = PBXContainerItemProxy;
			containerPortal = DAA3BCBC29288C8700146F96 /* Project object */;
			proxyType = 1;
			remoteGlobalIDString = DAA3BCC729288C8700146F96;
			remoteInfo = "Stamina Bar Watch App";
		};
		DAA3BCCA29288C8700146F96 /* PBXContainerItemProxy */ = {
			isa = PBXContainerItemProxy;
			containerPortal = DAA3BCBC29288C8700146F96 /* Project object */;
			proxyType = 1;
			remoteGlobalIDString = DAA3BCC729288C8700146F96;
			remoteInfo = "Stamina Bar Watch App";
		};
/* End PBXContainerItemProxy section */

/* Begin PBXCopyFilesBuildPhase section */
		DAA3BCDB29288C8A00146F96 /* Embed Watch Content */ = {
			isa = PBXCopyFilesBuildPhase;
			buildActionMask = 2147483647;
			dstPath = "$(CONTENTS_FOLDER_PATH)/Watch";
			dstSubfolderSpec = 16;
			files = (
				DAA3BCC929288C8700146F96 /* Stamina Bar Watch App.app in Embed Watch Content */,
			);
			name = "Embed Watch Content";
			runOnlyForDeploymentPostprocessing = 0;
		};
/* End PBXCopyFilesBuildPhase section */

/* Begin PBXFileReference section */
		DA346CA129DB32F8009DCB4E /* README.md */ = {isa = PBXFileReference; lastKnownFileType = net.daringfireball.markdown; path = README.md; sourceTree = "<group>"; };
		DA3D0E0B29E7329F00195530 /* Stamina Bar Watch AppTests.xctest */ = {isa = PBXFileReference; explicitFileType = wrapper.cfbundle; includeInIndex = 0; path = "Stamina Bar Watch AppTests.xctest"; sourceTree = BUILT_PRODUCTS_DIR; };
		DA48B42F2A380D3200E9269B /* VerticalCarouselView.swift */ = {isa = PBXFileReference; lastKnownFileType = sourcecode.swift; path = VerticalCarouselView.swift; sourceTree = "<group>"; };
		DA534F792AD5B84100C3706B /* HeartRateVariabilityView.swift */ = {isa = PBXFileReference; lastKnownFileType = sourcecode.swift; path = HeartRateVariabilityView.swift; sourceTree = "<group>"; };
		DA5CDB052A36C1990089757D /* UserAgeReader.swift */ = {isa = PBXFileReference; lastKnownFileType = sourcecode.swift; path = UserAgeReader.swift; sourceTree = "<group>"; };
		DA8E526929EE2BFF00DD26AF /* Stamina Bar Watch AppTests-Bridging-Header.h */ = {isa = PBXFileReference; lastKnownFileType = sourcecode.c.h; path = "Stamina Bar Watch AppTests-Bridging-Header.h"; sourceTree = "<group>"; };
		DA8E526E29EEF71700DD26AF /* StaminaBarView.swift */ = {isa = PBXFileReference; lastKnownFileType = sourcecode.swift; path = StaminaBarView.swift; sourceTree = "<group>"; };
		DAA3BCC229288C8700146F96 /* Stamina Bar.app */ = {isa = PBXFileReference; explicitFileType = wrapper.application; includeInIndex = 0; path = "Stamina Bar.app"; sourceTree = BUILT_PRODUCTS_DIR; };
		DAA3BCC829288C8700146F96 /* Stamina Bar Watch App.app */ = {isa = PBXFileReference; explicitFileType = wrapper.application; includeInIndex = 0; path = "Stamina Bar Watch App.app"; sourceTree = BUILT_PRODUCTS_DIR; };
		DAA3BCCD29288C8700146F96 /* Stamina_BarApp.swift */ = {isa = PBXFileReference; lastKnownFileType = sourcecode.swift; path = Stamina_BarApp.swift; sourceTree = "<group>"; };
		DAA3BCD129288C8A00146F96 /* Assets.xcassets */ = {isa = PBXFileReference; lastKnownFileType = folder.assetcatalog; path = Assets.xcassets; sourceTree = "<group>"; };
		DAA3BCD429288C8A00146F96 /* Preview Assets.xcassets */ = {isa = PBXFileReference; lastKnownFileType = folder.assetcatalog; path = "Preview Assets.xcassets"; sourceTree = SOURCE_ROOT; };
		DAA3BCDF29288CA500146F96 /* Stamina Bar Watch App.entitlements */ = {isa = PBXFileReference; lastKnownFileType = text.plist.entitlements; path = "Stamina Bar Watch App.entitlements"; sourceTree = "<group>"; };
		DAB8D2872A2082E600333D83 /* Stamina-Bar-Watch-App-Info.plist */ = {isa = PBXFileReference; lastKnownFileType = text.plist.xml; path = "Stamina-Bar-Watch-App-Info.plist"; sourceTree = "<group>"; };
		DAB8D28B2A21136200333D83 /* HapticManager.swift */ = {isa = PBXFileReference; lastKnownFileType = sourcecode.swift; path = HapticManager.swift; sourceTree = "<group>"; };
		DACEAD452AD1CD1300DCC032 /* CurrentCaloriesView.swift */ = {isa = PBXFileReference; lastKnownFileType = sourcecode.swift; path = CurrentCaloriesView.swift; sourceTree = "<group>"; };
		DACEAD472AD3549700DCC032 /* StepCountView.swift */ = {isa = PBXFileReference; lastKnownFileType = sourcecode.swift; path = StepCountView.swift; sourceTree = "<group>"; };
		DACEAD492AD57E6A00DCC032 /* TotalCaloriesView.swift */ = {isa = PBXFileReference; lastKnownFileType = sourcecode.swift; path = TotalCaloriesView.swift; sourceTree = "<group>"; };
		DACEAD4B2AD57FDD00DCC032 /* CardioFitnessView.swift */ = {isa = PBXFileReference; lastKnownFileType = sourcecode.swift; path = CardioFitnessView.swift; sourceTree = "<group>"; };
		DAD35EBC29F1D24E00E2E782 /* Stamina Bar-Bridging-Header.h */ = {isa = PBXFileReference; lastKnownFileType = sourcecode.c.h; path = "Stamina Bar-Bridging-Header.h"; sourceTree = "<group>"; };
		DAD35EBF29F1D2B900E2E782 /* ComplicationController.swift */ = {isa = PBXFileReference; lastKnownFileType = sourcecode.swift; path = ComplicationController.swift; sourceTree = "<group>"; };
		DAD35EC129F2364700E2E782 /* LICENSE */ = {isa = PBXFileReference; lastKnownFileType = text; path = LICENSE; sourceTree = "<group>"; };
		DAEB44232A34E1D10059081C /* HealthKitDataView.swift */ = {isa = PBXFileReference; lastKnownFileType = sourcecode.swift; path = HealthKitDataView.swift; sourceTree = "<group>"; };
		DAFEE7F729BA45310027A3D8 /* WorkoutManager.swift */ = {isa = PBXFileReference; lastKnownFileType = sourcecode.swift; path = WorkoutManager.swift; sourceTree = "<group>"; };
		DAFEE83529C54E9D0027A3D8 /* StartView.swift */ = {isa = PBXFileReference; lastKnownFileType = sourcecode.swift; path = StartView.swift; sourceTree = "<group>"; };
		DAFEE83729C54EEA0027A3D8 /* SummaryView.swift */ = {isa = PBXFileReference; lastKnownFileType = sourcecode.swift; path = SummaryView.swift; sourceTree = "<group>"; };
		DAFEE83929C550380027A3D8 /* SessionPagingView.swift */ = {isa = PBXFileReference; lastKnownFileType = sourcecode.swift; path = SessionPagingView.swift; sourceTree = "<group>"; };
		DAFEE83D29C5507A0027A3D8 /* ControlsView.swift */ = {isa = PBXFileReference; lastKnownFileType = sourcecode.swift; path = ControlsView.swift; sourceTree = "<group>"; };
		DAFEE83F29C551050027A3D8 /* ElapsedTimeView.swift */ = {isa = PBXFileReference; lastKnownFileType = sourcecode.swift; path = ElapsedTimeView.swift; sourceTree = "<group>"; };
		DAFEE84129C551610027A3D8 /* MetricsView.swift */ = {isa = PBXFileReference; lastKnownFileType = sourcecode.swift; path = MetricsView.swift; sourceTree = "<group>"; };
/* End PBXFileReference section */

/* Begin PBXFrameworksBuildPhase section */
		DA3D0E0829E7329F00195530 /* Frameworks */ = {
			isa = PBXFrameworksBuildPhase;
			buildActionMask = 2147483647;
			files = (
			);
			runOnlyForDeploymentPostprocessing = 0;
		};
		DAA3BCC529288C8700146F96 /* Frameworks */ = {
			isa = PBXFrameworksBuildPhase;
			buildActionMask = 2147483647;
			files = (
			);
			runOnlyForDeploymentPostprocessing = 0;
		};
/* End PBXFrameworksBuildPhase section */

/* Begin PBXGroup section */
		DA35BC502AC4A51E00195853 /* Selected Workouts */ = {
			isa = PBXGroup;
			children = (
				DA8E526E29EEF71700DD26AF /* StaminaBarView.swift */,
			);
			path = "Selected Workouts";
			sourceTree = "<group>";
		};
		DA48B42C2A380B6F00E9269B /* Carousels */ = {
			isa = PBXGroup;
			children = (
				DACEAD422AD1C6B700DCC032 /* Horizontal */,
				DACEAD412AD1C6B100DCC032 /* Vertical */,
			);
			path = Carousels;
			sourceTree = "<group>";
		};
		DA8E526D29EE2C1400DD26AF /* Tests */ = {
			isa = PBXGroup;
			children = (
				DA8E526929EE2BFF00DD26AF /* Stamina Bar Watch AppTests-Bridging-Header.h */,
			);
			path = Tests;
			sourceTree = "<group>";
		};
		DAA3BCBB29288C8700146F96 = {
			isa = PBXGroup;
			children = (
				DAB8D2872A2082E600333D83 /* Stamina-Bar-Watch-App-Info.plist */,
				DAD35EC129F2364700E2E782 /* LICENSE */,
				DA346CA129DB32F8009DCB4E /* README.md */,
				DAA3BCD429288C8A00146F96 /* Preview Assets.xcassets */,
				DAA3BCCC29288C8700146F96 /* Stamina Bar Watch App */,
				DAA3BCC329288C8700146F96 /* Products */,
				DAD35EBC29F1D24E00E2E782 /* Stamina Bar-Bridging-Header.h */,
			);
			sourceTree = "<group>";
		};
		DAA3BCC329288C8700146F96 /* Products */ = {
			isa = PBXGroup;
			children = (
				DAA3BCC229288C8700146F96 /* Stamina Bar.app */,
				DAA3BCC829288C8700146F96 /* Stamina Bar Watch App.app */,
				DA3D0E0B29E7329F00195530 /* Stamina Bar Watch AppTests.xctest */,
			);
			name = Products;
			sourceTree = "<group>";
		};
		DAA3BCCC29288C8700146F96 /* Stamina Bar Watch App */ = {
			isa = PBXGroup;
			children = (
				DAA3BCD129288C8A00146F96 /* Assets.xcassets */,
				DAA3BCDF29288CA500146F96 /* Stamina Bar Watch App.entitlements */,
				DAA3BCCD29288C8700146F96 /* Stamina_BarApp.swift */,
				DAD35EBF29F1D2B900E2E782 /* ComplicationController.swift */,
				DAFEE7F629BA45170027A3D8 /* Model */,
				DAFEE7F929BA455B0027A3D8 /* Views */,
				DAB8D28A2A2111BF00333D83 /* ViewModel */,
				DA8E526D29EE2C1400DD26AF /* Tests */,
			);
			path = "Stamina Bar Watch App";
			sourceTree = "<group>";
		};
		DAB8D28A2A2111BF00333D83 /* ViewModel */ = {
			isa = PBXGroup;
			children = (
				DA48B42F2A380D3200E9269B /* VerticalCarouselView.swift */,
				DAB8D28B2A21136200333D83 /* HapticManager.swift */,
			);
			path = ViewModel;
			sourceTree = "<group>";
		};
		DACEAD412AD1C6B100DCC032 /* Vertical */ = {
			isa = PBXGroup;
			children = (
				DACEAD452AD1CD1300DCC032 /* CurrentCaloriesView.swift */,
				DACEAD492AD57E6A00DCC032 /* TotalCaloriesView.swift */,
				DACEAD472AD3549700DCC032 /* StepCountView.swift */,
				DACEAD4B2AD57FDD00DCC032 /* CardioFitnessView.swift */,
				DA534F792AD5B84100C3706B /* HeartRateVariabilityView.swift */,
				DAEB44232A34E1D10059081C /* HealthKitDataView.swift */,
			);
			path = Vertical;
			sourceTree = "<group>";
		};
		DACEAD422AD1C6B700DCC032 /* Horizontal */ = {
			isa = PBXGroup;
			children = (
				DAFEE83D29C5507A0027A3D8 /* ControlsView.swift */,
				DAFEE83929C550380027A3D8 /* SessionPagingView.swift */,
			);
			path = Horizontal;
			sourceTree = "<group>";
		};
		DACEAD432AD1C6EC00DCC032 /* Timers */ = {
			isa = PBXGroup;
			children = (
				DAFEE83F29C551050027A3D8 /* ElapsedTimeView.swift */,
			);
			path = Timers;
			sourceTree = "<group>";
		};
		DACEAD442AD1C70800DCC032 /* User Pages */ = {
			isa = PBXGroup;
			children = (
				DAFEE83529C54E9D0027A3D8 /* StartView.swift */,
				DAFEE84129C551610027A3D8 /* MetricsView.swift */,
				DAFEE83729C54EEA0027A3D8 /* SummaryView.swift */,
			);
			path = "User Pages";
			sourceTree = "<group>";
		};
		DAFEE7F629BA45170027A3D8 /* Model */ = {
			isa = PBXGroup;
			children = (
				DA35BC502AC4A51E00195853 /* Selected Workouts */,
				DA5CDB052A36C1990089757D /* UserAgeReader.swift */,
				DAFEE7F729BA45310027A3D8 /* WorkoutManager.swift */,
			);
			path = Model;
			sourceTree = "<group>";
		};
		DAFEE7F929BA455B0027A3D8 /* Views */ = {
			isa = PBXGroup;
			children = (
				DACEAD442AD1C70800DCC032 /* User Pages */,
				DA48B42C2A380B6F00E9269B /* Carousels */,
				DACEAD432AD1C6EC00DCC032 /* Timers */,
			);
			path = Views;
			sourceTree = "<group>";
		};
/* End PBXGroup section */

/* Begin PBXNativeTarget section */
		DA3D0E0A29E7329F00195530 /* Stamina Bar Watch AppTests */ = {
			isa = PBXNativeTarget;
			buildConfigurationList = DA3D0E1329E7329F00195530 /* Build configuration list for PBXNativeTarget "Stamina Bar Watch AppTests" */;
			buildPhases = (
				DA3D0E0729E7329F00195530 /* Sources */,
				DA3D0E0829E7329F00195530 /* Frameworks */,
				DA3D0E0929E7329F00195530 /* Resources */,
			);
			buildRules = (
			);
			dependencies = (
				DA3D0E1029E7329F00195530 /* PBXTargetDependency */,
			);
			name = "Stamina Bar Watch AppTests";
			productName = "Stamina Bar Watch AppTests";
			productReference = DA3D0E0B29E7329F00195530 /* Stamina Bar Watch AppTests.xctest */;
			productType = "com.apple.product-type.bundle.unit-test";
		};
		DAA3BCC129288C8700146F96 /* Stamina Bar */ = {
			isa = PBXNativeTarget;
			buildConfigurationList = DAA3BCDC29288C8A00146F96 /* Build configuration list for PBXNativeTarget "Stamina Bar" */;
			buildPhases = (
				DAA3BCC029288C8700146F96 /* Resources */,
				DAA3BCDB29288C8A00146F96 /* Embed Watch Content */,
			);
			buildRules = (
			);
			dependencies = (
				DAA3BCCB29288C8700146F96 /* PBXTargetDependency */,
			);
			name = "Stamina Bar";
			productName = "Stamina Bar";
			productReference = DAA3BCC229288C8700146F96 /* Stamina Bar.app */;
			productType = "com.apple.product-type.application.watchapp2-container";
		};
		DAA3BCC729288C8700146F96 /* Stamina Bar Watch App */ = {
			isa = PBXNativeTarget;
			buildConfigurationList = DAA3BCD829288C8A00146F96 /* Build configuration list for PBXNativeTarget "Stamina Bar Watch App" */;
			buildPhases = (
				DAA3BCC429288C8700146F96 /* Sources */,
				DAA3BCC529288C8700146F96 /* Frameworks */,
				DAA3BCC629288C8700146F96 /* Resources */,
			);
			buildRules = (
			);
			dependencies = (
			);
			name = "Stamina Bar Watch App";
			productName = "Stamina Bar Watch App";
			productReference = DAA3BCC829288C8700146F96 /* Stamina Bar Watch App.app */;
			productType = "com.apple.product-type.application";
		};
/* End PBXNativeTarget section */

/* Begin PBXProject section */
		DAA3BCBC29288C8700146F96 /* Project object */ = {
			isa = PBXProject;
			attributes = {
				BuildIndependentTargetsInParallel = 1;
				LastSwiftUpdateCheck = 1410;
				LastUpgradeCheck = 1410;
				TargetAttributes = {
					DA3D0E0A29E7329F00195530 = {
						CreatedOnToolsVersion = 14.1;
						LastSwiftMigration = 1410;
						TestTargetID = DAA3BCC729288C8700146F96;
					};
					DAA3BCC129288C8700146F96 = {
						CreatedOnToolsVersion = 14.1;
						LastSwiftMigration = 1410;
					};
					DAA3BCC729288C8700146F96 = {
						CreatedOnToolsVersion = 14.1;
					};
				};
			};
			buildConfigurationList = DAA3BCBF29288C8700146F96 /* Build configuration list for PBXProject "Stamina Bar" */;
			compatibilityVersion = "Xcode 14.0";
			developmentRegion = en;
			hasScannedForEncodings = 0;
			knownRegions = (
				en,
				Base,
			);
			mainGroup = DAA3BCBB29288C8700146F96;
			productRefGroup = DAA3BCC329288C8700146F96 /* Products */;
			projectDirPath = "";
			projectRoot = "";
			targets = (
				DAA3BCC129288C8700146F96 /* Stamina Bar */,
				DAA3BCC729288C8700146F96 /* Stamina Bar Watch App */,
				DA3D0E0A29E7329F00195530 /* Stamina Bar Watch AppTests */,
			);
		};
/* End PBXProject section */

/* Begin PBXResourcesBuildPhase section */
		DA3D0E0929E7329F00195530 /* Resources */ = {
			isa = PBXResourcesBuildPhase;
			buildActionMask = 2147483647;
			files = (
			);
			runOnlyForDeploymentPostprocessing = 0;
		};
		DAA3BCC029288C8700146F96 /* Resources */ = {
			isa = PBXResourcesBuildPhase;
			buildActionMask = 2147483647;
			files = (
				DAB8D2882A2082E600333D83 /* Stamina-Bar-Watch-App-Info.plist in Resources */,
				DAD35EC229F2364700E2E782 /* LICENSE in Resources */,
				DAD35EB829F1C4A600E2E782 /* Assets.xcassets in Resources */,
				DA8E527229F0D75A00DD26AF /* Preview Assets.xcassets in Resources */,
			);
			runOnlyForDeploymentPostprocessing = 0;
		};
		DAA3BCC629288C8700146F96 /* Resources */ = {
			isa = PBXResourcesBuildPhase;
			buildActionMask = 2147483647;
			files = (
				DAD35EC329F2364700E2E782 /* LICENSE in Resources */,
				DAA3BCD529288C8A00146F96 /* Preview Assets.xcassets in Resources */,
				DAA3BCD229288C8A00146F96 /* Assets.xcassets in Resources */,
			);
			runOnlyForDeploymentPostprocessing = 0;
		};
/* End PBXResourcesBuildPhase section */

/* Begin PBXSourcesBuildPhase section */
		DA3D0E0729E7329F00195530 /* Sources */ = {
			isa = PBXSourcesBuildPhase;
			buildActionMask = 2147483647;
			files = (
			);
			runOnlyForDeploymentPostprocessing = 0;
		};
		DAA3BCC429288C8700146F96 /* Sources */ = {
			isa = PBXSourcesBuildPhase;
			buildActionMask = 2147483647;
			files = (
				DAFEE83829C54EEA0027A3D8 /* SummaryView.swift in Sources */,
				DACEAD462AD1CD1300DCC032 /* CurrentCaloriesView.swift in Sources */,
				DACEAD4A2AD57E6A00DCC032 /* TotalCaloriesView.swift in Sources */,
				DAFEE7F829BA45310027A3D8 /* WorkoutManager.swift in Sources */,
				DAFEE84029C551050027A3D8 /* ElapsedTimeView.swift in Sources */,
				DA8E526F29EEF71700DD26AF /* StaminaBarView.swift in Sources */,
				DAFEE83629C54E9D0027A3D8 /* StartView.swift in Sources */,
				DA5CDB062A36C1990089757D /* UserAgeReader.swift in Sources */,
				DAA3BCCE29288C8700146F96 /* Stamina_BarApp.swift in Sources */,
				DAFEE83E29C5507A0027A3D8 /* ControlsView.swift in Sources */,
				DAD35EC029F1D2B900E2E782 /* ComplicationController.swift in Sources */,
				DAB8D28C2A21136200333D83 /* HapticManager.swift in Sources */,
				DA48B4302A380D3200E9269B /* VerticalCarouselView.swift in Sources */,
				DAFEE84229C551610027A3D8 /* MetricsView.swift in Sources */,
				DAFEE83A29C550380027A3D8 /* SessionPagingView.swift in Sources */,
				DACEAD482AD3549700DCC032 /* StepCountView.swift in Sources */,
				DA534F7A2AD5B84100C3706B /* HeartRateVariabilityView.swift in Sources */,
				DAEB44242A34E1D10059081C /* HealthKitDataView.swift in Sources */,
				DACEAD4C2AD57FDD00DCC032 /* CardioFitnessView.swift in Sources */,
			);
			runOnlyForDeploymentPostprocessing = 0;
		};
/* End PBXSourcesBuildPhase section */

/* Begin PBXTargetDependency section */
		DA3D0E1029E7329F00195530 /* PBXTargetDependency */ = {
			isa = PBXTargetDependency;
			target = DAA3BCC729288C8700146F96 /* Stamina Bar Watch App */;
			targetProxy = DA3D0E0F29E7329F00195530 /* PBXContainerItemProxy */;
		};
		DAA3BCCB29288C8700146F96 /* PBXTargetDependency */ = {
			isa = PBXTargetDependency;
			target = DAA3BCC729288C8700146F96 /* Stamina Bar Watch App */;
			targetProxy = DAA3BCCA29288C8700146F96 /* PBXContainerItemProxy */;
		};
/* End PBXTargetDependency section */

/* Begin XCBuildConfiguration section */
		DA3D0E1129E7329F00195530 /* Debug */ = {
			isa = XCBuildConfiguration;
			buildSettings = {
				BUNDLE_LOADER = "$(TEST_HOST)";
				CLANG_ENABLE_MODULES = YES;
				CODE_SIGN_STYLE = Automatic;
				CURRENT_PROJECT_VERSION = 1;
				DEVELOPMENT_TEAM = 339H39SFM9;
				GENERATE_INFOPLIST_FILE = YES;
				LD_RUNPATH_SEARCH_PATHS = (
					"$(inherited)",
					"@executable_path/../Frameworks",
					"@loader_path/../Frameworks",
				);
				MARKETING_VERSION = 1.0;
				PRODUCT_BUNDLE_IDENTIFIER = "zellis.Stamina-Bar-Watch-AppTests";
				PRODUCT_NAME = "$(TARGET_NAME)";
				SDKROOT = watchos;
				SWIFT_EMIT_LOC_STRINGS = NO;
				SWIFT_OBJC_BRIDGING_HEADER = "Stamina Bar Watch App/Views/Stamina Bar Watch AppTests-Bridging-Header.h";
				SWIFT_OPTIMIZATION_LEVEL = "-Onone";
				SWIFT_VERSION = 5.0;
				TARGETED_DEVICE_FAMILY = 4;
				TEST_HOST = "$(BUILT_PRODUCTS_DIR)/Stamina Bar Watch App.app/$(BUNDLE_EXECUTABLE_FOLDER_PATH)/Stamina Bar Watch App";
				WATCHOS_DEPLOYMENT_TARGET = 9.1;
			};
			name = Debug;
		};
		DA3D0E1229E7329F00195530 /* Release */ = {
			isa = XCBuildConfiguration;
			buildSettings = {
				BUNDLE_LOADER = "$(TEST_HOST)";
				CLANG_ENABLE_MODULES = YES;
				CODE_SIGN_STYLE = Automatic;
				CURRENT_PROJECT_VERSION = 1;
				DEVELOPMENT_TEAM = 339H39SFM9;
				GENERATE_INFOPLIST_FILE = YES;
				LD_RUNPATH_SEARCH_PATHS = (
					"$(inherited)",
					"@executable_path/../Frameworks",
					"@loader_path/../Frameworks",
				);
				MARKETING_VERSION = 1.0;
				PRODUCT_BUNDLE_IDENTIFIER = "zellis.Stamina-Bar-Watch-AppTests";
				PRODUCT_NAME = "$(TARGET_NAME)";
				SDKROOT = watchos;
				SWIFT_EMIT_LOC_STRINGS = NO;
				SWIFT_OBJC_BRIDGING_HEADER = "Stamina Bar Watch App/Views/Stamina Bar Watch AppTests-Bridging-Header.h";
				SWIFT_VERSION = 5.0;
				TARGETED_DEVICE_FAMILY = 4;
				TEST_HOST = "$(BUILT_PRODUCTS_DIR)/Stamina Bar Watch App.app/$(BUNDLE_EXECUTABLE_FOLDER_PATH)/Stamina Bar Watch App";
				VALIDATE_PRODUCT = YES;
				WATCHOS_DEPLOYMENT_TARGET = 9.1;
			};
			name = Release;
		};
		DAA3BCD629288C8A00146F96 /* Debug */ = {
			isa = XCBuildConfiguration;
			buildSettings = {
				ALWAYS_SEARCH_USER_PATHS = NO;
				CLANG_ANALYZER_NONNULL = YES;
				CLANG_ANALYZER_NUMBER_OBJECT_CONVERSION = YES_AGGRESSIVE;
				CLANG_CXX_LANGUAGE_STANDARD = "gnu++20";
				CLANG_ENABLE_MODULES = YES;
				CLANG_ENABLE_OBJC_ARC = YES;
				CLANG_ENABLE_OBJC_WEAK = YES;
				CLANG_WARN_BLOCK_CAPTURE_AUTORELEASING = YES;
				CLANG_WARN_BOOL_CONVERSION = YES;
				CLANG_WARN_COMMA = YES;
				CLANG_WARN_CONSTANT_CONVERSION = YES;
				CLANG_WARN_DEPRECATED_OBJC_IMPLEMENTATIONS = YES;
				CLANG_WARN_DIRECT_OBJC_ISA_USAGE = YES_ERROR;
				CLANG_WARN_DOCUMENTATION_COMMENTS = YES;
				CLANG_WARN_EMPTY_BODY = YES;
				CLANG_WARN_ENUM_CONVERSION = YES;
				CLANG_WARN_INFINITE_RECURSION = YES;
				CLANG_WARN_INT_CONVERSION = YES;
				CLANG_WARN_NON_LITERAL_NULL_CONVERSION = YES;
				CLANG_WARN_OBJC_IMPLICIT_RETAIN_SELF = YES;
				CLANG_WARN_OBJC_LITERAL_CONVERSION = YES;
				CLANG_WARN_OBJC_ROOT_CLASS = YES_ERROR;
				CLANG_WARN_QUOTED_INCLUDE_IN_FRAMEWORK_HEADER = YES;
				CLANG_WARN_RANGE_LOOP_ANALYSIS = YES;
				CLANG_WARN_STRICT_PROTOTYPES = YES;
				CLANG_WARN_SUSPICIOUS_MOVE = YES;
				CLANG_WARN_UNGUARDED_AVAILABILITY = YES_AGGRESSIVE;
				CLANG_WARN_UNREACHABLE_CODE = YES;
				CLANG_WARN__DUPLICATE_METHOD_MATCH = YES;
				COPY_PHASE_STRIP = NO;
				DEBUG_INFORMATION_FORMAT = dwarf;
				ENABLE_STRICT_OBJC_MSGSEND = YES;
				ENABLE_TESTABILITY = YES;
				GCC_C_LANGUAGE_STANDARD = gnu11;
				GCC_DYNAMIC_NO_PIC = NO;
				GCC_NO_COMMON_BLOCKS = YES;
				GCC_OPTIMIZATION_LEVEL = 0;
				GCC_PREPROCESSOR_DEFINITIONS = (
					"DEBUG=1",
					"$(inherited)",
				);
				GCC_WARN_64_TO_32_BIT_CONVERSION = YES;
				GCC_WARN_ABOUT_RETURN_TYPE = YES_ERROR;
				GCC_WARN_UNDECLARED_SELECTOR = YES;
				GCC_WARN_UNINITIALIZED_AUTOS = YES_AGGRESSIVE;
				GCC_WARN_UNUSED_FUNCTION = YES;
				GCC_WARN_UNUSED_VARIABLE = YES;
				INFOPLIST_KEY_CLKComplicationPrincipalClass = "";
				MTL_ENABLE_DEBUG_INFO = INCLUDE_SOURCE;
				MTL_FAST_MATH = YES;
				ONLY_ACTIVE_ARCH = YES;
				SWIFT_ACTIVE_COMPILATION_CONDITIONS = DEBUG;
				SWIFT_OPTIMIZATION_LEVEL = "-Onone";
				WATCHOS_DEPLOYMENT_TARGET = 8.5;
			};
			name = Debug;
		};
		DAA3BCD729288C8A00146F96 /* Release */ = {
			isa = XCBuildConfiguration;
			buildSettings = {
				ALWAYS_SEARCH_USER_PATHS = NO;
				CLANG_ANALYZER_NONNULL = YES;
				CLANG_ANALYZER_NUMBER_OBJECT_CONVERSION = YES_AGGRESSIVE;
				CLANG_CXX_LANGUAGE_STANDARD = "gnu++20";
				CLANG_ENABLE_MODULES = YES;
				CLANG_ENABLE_OBJC_ARC = YES;
				CLANG_ENABLE_OBJC_WEAK = YES;
				CLANG_WARN_BLOCK_CAPTURE_AUTORELEASING = YES;
				CLANG_WARN_BOOL_CONVERSION = YES;
				CLANG_WARN_COMMA = YES;
				CLANG_WARN_CONSTANT_CONVERSION = YES;
				CLANG_WARN_DEPRECATED_OBJC_IMPLEMENTATIONS = YES;
				CLANG_WARN_DIRECT_OBJC_ISA_USAGE = YES_ERROR;
				CLANG_WARN_DOCUMENTATION_COMMENTS = YES;
				CLANG_WARN_EMPTY_BODY = YES;
				CLANG_WARN_ENUM_CONVERSION = YES;
				CLANG_WARN_INFINITE_RECURSION = YES;
				CLANG_WARN_INT_CONVERSION = YES;
				CLANG_WARN_NON_LITERAL_NULL_CONVERSION = YES;
				CLANG_WARN_OBJC_IMPLICIT_RETAIN_SELF = YES;
				CLANG_WARN_OBJC_LITERAL_CONVERSION = YES;
				CLANG_WARN_OBJC_ROOT_CLASS = YES_ERROR;
				CLANG_WARN_QUOTED_INCLUDE_IN_FRAMEWORK_HEADER = YES;
				CLANG_WARN_RANGE_LOOP_ANALYSIS = YES;
				CLANG_WARN_STRICT_PROTOTYPES = YES;
				CLANG_WARN_SUSPICIOUS_MOVE = YES;
				CLANG_WARN_UNGUARDED_AVAILABILITY = YES_AGGRESSIVE;
				CLANG_WARN_UNREACHABLE_CODE = YES;
				CLANG_WARN__DUPLICATE_METHOD_MATCH = YES;
				COPY_PHASE_STRIP = NO;
				DEBUG_INFORMATION_FORMAT = "dwarf-with-dsym";
				ENABLE_NS_ASSERTIONS = NO;
				ENABLE_STRICT_OBJC_MSGSEND = YES;
				GCC_C_LANGUAGE_STANDARD = gnu11;
				GCC_NO_COMMON_BLOCKS = YES;
				GCC_WARN_64_TO_32_BIT_CONVERSION = YES;
				GCC_WARN_ABOUT_RETURN_TYPE = YES_ERROR;
				GCC_WARN_UNDECLARED_SELECTOR = YES;
				GCC_WARN_UNINITIALIZED_AUTOS = YES_AGGRESSIVE;
				GCC_WARN_UNUSED_FUNCTION = YES;
				GCC_WARN_UNUSED_VARIABLE = YES;
				INFOPLIST_KEY_CLKComplicationPrincipalClass = "";
				MTL_ENABLE_DEBUG_INFO = NO;
				MTL_FAST_MATH = YES;
				SWIFT_COMPILATION_MODE = wholemodule;
				SWIFT_OPTIMIZATION_LEVEL = "-O";
				WATCHOS_DEPLOYMENT_TARGET = 8.5;
			};
			name = Release;
		};
		DAA3BCD929288C8A00146F96 /* Debug */ = {
			isa = XCBuildConfiguration;
			buildSettings = {
				ASSETCATALOG_COMPILER_APPICON_NAME = AppIcon;
				ASSETCATALOG_COMPILER_GLOBAL_ACCENT_COLOR_NAME = AccentColor;
				CODE_SIGN_ENTITLEMENTS = "Stamina Bar Watch App/Stamina Bar Watch App.entitlements";
				CODE_SIGN_IDENTITY = "Apple Development";
				CODE_SIGN_STYLE = Automatic;
				CURRENT_PROJECT_VERSION = 1.7.12;
				DEVELOPMENT_TEAM = 339H39SFM9;
				ENABLE_PREVIEWS = YES;
				GENERATE_INFOPLIST_FILE = YES;
				INFOPLIST_FILE = "Stamina-Bar-Watch-App-Info.plist";
				INFOPLIST_KEY_CFBundleDisplayName = "Stamina Bar";
				INFOPLIST_KEY_CLKComplicationPrincipalClass = Stamina_Bar_Watch_App.ComplicationController;
				INFOPLIST_KEY_NSHealthShareUsageDescription = "Stamina Bar needs to read your data from the Health App on your iPhone. ";
				INFOPLIST_KEY_NSHealthUpdateUsageDescription = "Stamina Bar needs to update your health data into the Health App on your iPhone. ";
				INFOPLIST_KEY_UISupportedInterfaceOrientations = "UIInterfaceOrientationPortrait UIInterfaceOrientationPortraitUpsideDown";
				INFOPLIST_KEY_WKWatchOnly = YES;
				LD_RUNPATH_SEARCH_PATHS = (
					"$(inherited)",
					"@executable_path/Frameworks",
				);
				MARKETING_VERSION = 1.7.12;
				PRODUCT_BUNDLE_IDENTIFIER = "zellis.Stamina-Bar.watchkitapp";
				PRODUCT_NAME = "$(TARGET_NAME)";
				PROVISIONING_PROFILE_SPECIFIER = "";
				SDKROOT = watchos;
				SKIP_INSTALL = YES;
				SWIFT_EMIT_LOC_STRINGS = YES;
				SWIFT_VERSION = 5.0;
				TARGETED_DEVICE_FAMILY = 4;
				WATCHOS_DEPLOYMENT_TARGET = 8.5;
			};
			name = Debug;
		};
		DAA3BCDA29288C8A00146F96 /* Release */ = {
			isa = XCBuildConfiguration;
			buildSettings = {
				ASSETCATALOG_COMPILER_APPICON_NAME = AppIcon;
				ASSETCATALOG_COMPILER_GLOBAL_ACCENT_COLOR_NAME = AccentColor;
				CODE_SIGN_ENTITLEMENTS = "Stamina Bar Watch App/Stamina Bar Watch App.entitlements";
				CODE_SIGN_IDENTITY = "Apple Development";
				CODE_SIGN_STYLE = Automatic;
				CURRENT_PROJECT_VERSION = 1.7.12;
				DEVELOPMENT_TEAM = 339H39SFM9;
				ENABLE_PREVIEWS = YES;
				GENERATE_INFOPLIST_FILE = YES;
				INFOPLIST_FILE = "Stamina-Bar-Watch-App-Info.plist";
				INFOPLIST_KEY_CFBundleDisplayName = "Stamina Bar";
				INFOPLIST_KEY_CLKComplicationPrincipalClass = Stamina_Bar_Watch_App.ComplicationController;
				INFOPLIST_KEY_NSHealthShareUsageDescription = "Stamina Bar needs to read your data from the Health App on your iPhone. ";
				INFOPLIST_KEY_NSHealthUpdateUsageDescription = "Stamina Bar needs to update your health data into the Health App on your iPhone. ";
				INFOPLIST_KEY_UISupportedInterfaceOrientations = "UIInterfaceOrientationPortrait UIInterfaceOrientationPortraitUpsideDown";
				INFOPLIST_KEY_WKWatchOnly = YES;
				LD_RUNPATH_SEARCH_PATHS = (
					"$(inherited)",
					"@executable_path/Frameworks",
				);
				MARKETING_VERSION = 1.7.12;
				PRODUCT_BUNDLE_IDENTIFIER = "zellis.Stamina-Bar.watchkitapp";
				PRODUCT_NAME = "$(TARGET_NAME)";
				PROVISIONING_PROFILE_SPECIFIER = "";
				SDKROOT = watchos;
				SKIP_INSTALL = YES;
				SWIFT_EMIT_LOC_STRINGS = YES;
				SWIFT_VERSION = 5.0;
				TARGETED_DEVICE_FAMILY = 4;
				VALIDATE_PRODUCT = YES;
				WATCHOS_DEPLOYMENT_TARGET = 8.5;
			};
			name = Release;
		};
		DAA3BCDD29288C8A00146F96 /* Debug */ = {
			isa = XCBuildConfiguration;
			buildSettings = {
				ALWAYS_EMBED_SWIFT_STANDARD_LIBRARIES = YES;
				CLANG_ENABLE_MODULES = YES;
				CODE_SIGN_STYLE = Automatic;
				CURRENT_PROJECT_VERSION = 1.7.12;
				DEVELOPMENT_TEAM = 339H39SFM9;
				INFOPLIST_KEY_CFBundleDisplayName = "Stamina Bar";
				INFOPLIST_KEY_CLKComplicationPrincipalClass = Stamina_Bar_Watch_App.ComplicationController;
				LD_RUNPATH_SEARCH_PATHS = (
					"$(inherited)",
					"@executable_path/Frameworks",
					"@loader_path/Frameworks",
				);
				MARKETING_VERSION = 1.7.12;
				PRODUCT_BUNDLE_IDENTIFIER = "zellis.Stamina-Bar";
				PRODUCT_NAME = "$(TARGET_NAME)";
				SDKROOT = iphoneos;
				SWIFT_OBJC_BRIDGING_HEADER = "Stamina Bar-Bridging-Header.h";
				SWIFT_OPTIMIZATION_LEVEL = "-Onone";
				SWIFT_VERSION = 5.0;
			};
			name = Debug;
		};
		DAA3BCDE29288C8A00146F96 /* Release */ = {
			isa = XCBuildConfiguration;
			buildSettings = {
				ALWAYS_EMBED_SWIFT_STANDARD_LIBRARIES = YES;
				CLANG_ENABLE_MODULES = YES;
				CODE_SIGN_STYLE = Automatic;
				CURRENT_PROJECT_VERSION = 1.7.12;
				DEVELOPMENT_TEAM = 339H39SFM9;
				INFOPLIST_KEY_CFBundleDisplayName = "Stamina Bar";
				INFOPLIST_KEY_CLKComplicationPrincipalClass = Stamina_Bar_Watch_App.ComplicationController;
				LD_RUNPATH_SEARCH_PATHS = (
					"$(inherited)",
					"@executable_path/Frameworks",
					"@loader_path/Frameworks",
				);
				MARKETING_VERSION = 1.7.12;
				PRODUCT_BUNDLE_IDENTIFIER = "zellis.Stamina-Bar";
				PRODUCT_NAME = "$(TARGET_NAME)";
				SDKROOT = iphoneos;
				SWIFT_OBJC_BRIDGING_HEADER = "Stamina Bar-Bridging-Header.h";
				SWIFT_VERSION = 5.0;
				VALIDATE_PRODUCT = YES;
			};
			name = Release;
		};
/* End XCBuildConfiguration section */

/* Begin XCConfigurationList section */
		DA3D0E1329E7329F00195530 /* Build configuration list for PBXNativeTarget "Stamina Bar Watch AppTests" */ = {
			isa = XCConfigurationList;
			buildConfigurations = (
				DA3D0E1129E7329F00195530 /* Debug */,
				DA3D0E1229E7329F00195530 /* Release */,
			);
			defaultConfigurationIsVisible = 0;
			defaultConfigurationName = Release;
		};
		DAA3BCBF29288C8700146F96 /* Build configuration list for PBXProject "Stamina Bar" */ = {
			isa = XCConfigurationList;
			buildConfigurations = (
				DAA3BCD629288C8A00146F96 /* Debug */,
				DAA3BCD729288C8A00146F96 /* Release */,
			);
			defaultConfigurationIsVisible = 0;
			defaultConfigurationName = Release;
		};
		DAA3BCD829288C8A00146F96 /* Build configuration list for PBXNativeTarget "Stamina Bar Watch App" */ = {
			isa = XCConfigurationList;
			buildConfigurations = (
				DAA3BCD929288C8A00146F96 /* Debug */,
				DAA3BCDA29288C8A00146F96 /* Release */,
			);
			defaultConfigurationIsVisible = 0;
			defaultConfigurationName = Release;
		};
		DAA3BCDC29288C8A00146F96 /* Build configuration list for PBXNativeTarget "Stamina Bar" */ = {
			isa = XCConfigurationList;
			buildConfigurations = (
				DAA3BCDD29288C8A00146F96 /* Debug */,
				DAA3BCDE29288C8A00146F96 /* Release */,
			);
			defaultConfigurationIsVisible = 0;
			defaultConfigurationName = Release;
		};
/* End XCConfigurationList section */
	};
	rootObject = DAA3BCBC29288C8700146F96 /* Project object */;
}
